// !$*UTF8*$!
{
	archiveVersion = 1;
	classes = {
	};
	objectVersion = 55;
	objects = {

/* Begin PBXBuildFile section */
		A21184B527FA0FCC00C36307 /* AppDelegate.swift in Sources */ = {isa = PBXBuildFile; fileRef = A21184B427FA0FCC00C36307 /* AppDelegate.swift */; };
		A21184B727FA0FCC00C36307 /* SceneDelegate.swift in Sources */ = {isa = PBXBuildFile; fileRef = A21184B627FA0FCC00C36307 /* SceneDelegate.swift */; };
		A21184B927FA0FCC00C36307 /* ViewController.swift in Sources */ = {isa = PBXBuildFile; fileRef = A21184B827FA0FCC00C36307 /* ViewController.swift */; };
		A21184BC27FA0FCC00C36307 /* Main.storyboard in Resources */ = {isa = PBXBuildFile; fileRef = A21184BA27FA0FCC00C36307 /* Main.storyboard */; };
		A21184BE27FA0FCD00C36307 /* Assets.xcassets in Resources */ = {isa = PBXBuildFile; fileRef = A21184BD27FA0FCD00C36307 /* Assets.xcassets */; };
		A21184C127FA0FCD00C36307 /* LaunchScreen.storyboard in Resources */ = {isa = PBXBuildFile; fileRef = A21184BF27FA0FCD00C36307 /* LaunchScreen.storyboard */; };
		C474DD19709A1E27FC61F990 /* Pods_KeyboardManagerExample.framework in Frameworks */ = {isa = PBXBuildFile; fileRef = 3F6AEC0DD77E95FAF94EB220 /* Pods_KeyboardManagerExample.framework */; };
/* End PBXBuildFile section */

/* Begin PBXFileReference section */
		3F6AEC0DD77E95FAF94EB220 /* Pods_KeyboardManagerExample.framework */ = {isa = PBXFileReference; explicitFileType = wrapper.framework; includeInIndex = 0; path = Pods_KeyboardManagerExample.framework; sourceTree = BUILT_PRODUCTS_DIR; };
		7D9FE9BF7D639DF6AF35A9CB /* Pods-KeyboardManagerExample.debug.xcconfig */ = {isa = PBXFileReference; includeInIndex = 1; lastKnownFileType = text.xcconfig; name = "Pods-KeyboardManagerExample.debug.xcconfig"; path = "Target Support Files/Pods-KeyboardManagerExample/Pods-KeyboardManagerExample.debug.xcconfig"; sourceTree = "<group>"; };
		A21184B127FA0FCC00C36307 /* KeyboardManagerExample.app */ = {isa = PBXFileReference; explicitFileType = wrapper.application; includeInIndex = 0; path = KeyboardManagerExample.app; sourceTree = BUILT_PRODUCTS_DIR; };
		A21184B427FA0FCC00C36307 /* AppDelegate.swift */ = {isa = PBXFileReference; lastKnownFileType = sourcecode.swift; path = AppDelegate.swift; sourceTree = "<group>"; };
		A21184B627FA0FCC00C36307 /* SceneDelegate.swift */ = {isa = PBXFileReference; lastKnownFileType = sourcecode.swift; path = SceneDelegate.swift; sourceTree = "<group>"; };
		A21184B827FA0FCC00C36307 /* ViewController.swift */ = {isa = PBXFileReference; lastKnownFileType = sourcecode.swift; path = ViewController.swift; sourceTree = "<group>"; };
		A21184BB27FA0FCC00C36307 /* Base */ = {isa = PBXFileReference; lastKnownFileType = file.storyboard; name = Base; path = Base.lproj/Main.storyboard; sourceTree = "<group>"; };
		A21184BD27FA0FCD00C36307 /* Assets.xcassets */ = {isa = PBXFileReference; lastKnownFileType = folder.assetcatalog; path = Assets.xcassets; sourceTree = "<group>"; };
		A21184C027FA0FCD00C36307 /* Base */ = {isa = PBXFileReference; lastKnownFileType = file.storyboard; name = Base; path = Base.lproj/LaunchScreen.storyboard; sourceTree = "<group>"; };
		A21184C227FA0FCD00C36307 /* Info.plist */ = {isa = PBXFileReference; lastKnownFileType = text.plist.xml; path = Info.plist; sourceTree = "<group>"; };
		B1E2D51D5660824C45EAC9C9 /* Pods-KeyboardManagerExample.release.xcconfig */ = {isa = PBXFileReference; includeInIndex = 1; lastKnownFileType = text.xcconfig; name = "Pods-KeyboardManagerExample.release.xcconfig"; path = "Target Support Files/Pods-KeyboardManagerExample/Pods-KeyboardManagerExample.release.xcconfig"; sourceTree = "<group>"; };
/* End PBXFileReference section */

/* Begin PBXFrameworksBuildPhase section */
		A21184AE27FA0FCC00C36307 /* Frameworks */ = {
			isa = PBXFrameworksBuildPhase;
			buildActionMask = 2147483647;
			files = (
				C474DD19709A1E27FC61F990 /* Pods_KeyboardManagerExample.framework in Frameworks */,
			);
			runOnlyForDeploymentPostprocessing = 0;
		};
/* End PBXFrameworksBuildPhase section */

/* Begin PBXGroup section */
		2A3EFE98E0381C64FAF409FD /* Frameworks */ = {
			isa = PBXGroup;
			children = (
				3F6AEC0DD77E95FAF94EB220 /* Pods_KeyboardManagerExample.framework */,
			);
			name = Frameworks;
			sourceTree = "<group>";
		};
		A21184A827FA0FCC00C36307 = {
			isa = PBXGroup;
			children = (
				A21184B327FA0FCC00C36307 /* KeyboardManagerExample */,
				A21184B227FA0FCC00C36307 /* Products */,
				DF507D101C5D98D9B4FB144E /* Pods */,
				2A3EFE98E0381C64FAF409FD /* Frameworks */,
			);
			sourceTree = "<group>";
		};
		A21184B227FA0FCC00C36307 /* Products */ = {
			isa = PBXGroup;
			children = (
				A21184B127FA0FCC00C36307 /* KeyboardManagerExample.app */,
			);
			name = Products;
			sourceTree = "<group>";
		};
		A21184B327FA0FCC00C36307 /* KeyboardManagerExample */ = {
			isa = PBXGroup;
			children = (
				A21184B427FA0FCC00C36307 /* AppDelegate.swift */,
				A21184B627FA0FCC00C36307 /* SceneDelegate.swift */,
				A21184B827FA0FCC00C36307 /* ViewController.swift */,
				A21184BA27FA0FCC00C36307 /* Main.storyboard */,
				A21184BD27FA0FCD00C36307 /* Assets.xcassets */,
				A21184BF27FA0FCD00C36307 /* LaunchScreen.storyboard */,
				A21184C227FA0FCD00C36307 /* Info.plist */,
			);
			path = KeyboardManagerExample;
			sourceTree = "<group>";
		};
		DF507D101C5D98D9B4FB144E /* Pods */ = {
			isa = PBXGroup;
			children = (
				7D9FE9BF7D639DF6AF35A9CB /* Pods-KeyboardManagerExample.debug.xcconfig */,
				B1E2D51D5660824C45EAC9C9 /* Pods-KeyboardManagerExample.release.xcconfig */,
			);
			name = Pods;
			path = Pods;
			sourceTree = "<group>";
		};
/* End PBXGroup section */

/* Begin PBXNativeTarget section */
		A21184B027FA0FCC00C36307 /* KeyboardManagerExample */ = {
			isa = PBXNativeTarget;
			buildConfigurationList = A21184C527FA0FCD00C36307 /* Build configuration list for PBXNativeTarget "KeyboardManagerExample" */;
			buildPhases = (
				7F33ED37D6EEB59EEB62901D /* [CP] Check Pods Manifest.lock */,
				A21184AD27FA0FCC00C36307 /* Sources */,
				A21184AE27FA0FCC00C36307 /* Frameworks */,
				A21184AF27FA0FCC00C36307 /* Resources */,
				8D3F6F7D57B3B5BCAE44DC93 /* [CP] Embed Pods Frameworks */,
			);
			buildRules = (
			);
			dependencies = (
			);
			name = KeyboardManagerExample;
			productName = KeyboardManagerExample;
			productReference = A21184B127FA0FCC00C36307 /* KeyboardManagerExample.app */;
			productType = "com.apple.product-type.application";
		};
/* End PBXNativeTarget section */

/* Begin PBXProject section */
		A21184A927FA0FCC00C36307 /* Project object */ = {
			isa = PBXProject;
			attributes = {
				BuildIndependentTargetsInParallel = 1;
				LastSwiftUpdateCheck = 1320;
				LastUpgradeCheck = 1320;
				TargetAttributes = {
					A21184B027FA0FCC00C36307 = {
						CreatedOnToolsVersion = 13.2.1;
					};
				};
			};
			buildConfigurationList = A21184AC27FA0FCC00C36307 /* Build configuration list for PBXProject "KeyboardManagerExample" */;
			compatibilityVersion = "Xcode 13.0";
			developmentRegion = en;
			hasScannedForEncodings = 0;
			knownRegions = (
				en,
				Base,
			);
			mainGroup = A21184A827FA0FCC00C36307;
			productRefGroup = A21184B227FA0FCC00C36307 /* Products */;
			projectDirPath = "";
			projectRoot = "";
			targets = (
				A21184B027FA0FCC00C36307 /* KeyboardManagerExample */,
			);
		};
/* End PBXProject section */

/* Begin PBXResourcesBuildPhase section */
		A21184AF27FA0FCC00C36307 /* Resources */ = {
			isa = PBXResourcesBuildPhase;
			buildActionMask = 2147483647;
			files = (
				A21184C127FA0FCD00C36307 /* LaunchScreen.storyboard in Resources */,
				A21184BE27FA0FCD00C36307 /* Assets.xcassets in Resources */,
				A21184BC27FA0FCC00C36307 /* Main.storyboard in Resources */,
			);
			runOnlyForDeploymentPostprocessing = 0;
		};
/* End PBXResourcesBuildPhase section */

/* Begin PBXShellScriptBuildPhase section */
		7F33ED37D6EEB59EEB62901D /* [CP] Check Pods Manifest.lock */ = {
			isa = PBXShellScriptBuildPhase;
			buildActionMask = 2147483647;
			files = (
			);
			inputFileListPaths = (
			);
			inputPaths = (
				"${PODS_PODFILE_DIR_PATH}/Podfile.lock",
				"${PODS_ROOT}/Manifest.lock",
			);
			name = "[CP] Check Pods Manifest.lock";
			outputFileListPaths = (
			);
			outputPaths = (
				"$(DERIVED_FILE_DIR)/Pods-KeyboardManagerExample-checkManifestLockResult.txt",
			);
			runOnlyForDeploymentPostprocessing = 0;
			shellPath = /bin/sh;
			shellScript = "diff \"${PODS_PODFILE_DIR_PATH}/Podfile.lock\" \"${PODS_ROOT}/Manifest.lock\" > /dev/null\nif [ $? != 0 ] ; then\n    # print error to STDERR\n    echo \"error: The sandbox is not in sync with the Podfile.lock. Run 'pod install' or update your CocoaPods installation.\" >&2\n    exit 1\nfi\n# This output is used by Xcode 'outputs' to avoid re-running this script phase.\necho \"SUCCESS\" > \"${SCRIPT_OUTPUT_FILE_0}\"\n";
			showEnvVarsInLog = 0;
		};
		8D3F6F7D57B3B5BCAE44DC93 /* [CP] Embed Pods Frameworks */ = {
			isa = PBXShellScriptBuildPhase;
			buildActionMask = 2147483647;
			files = (
			);
			inputFileListPaths = (
				"${PODS_ROOT}/Target Support Files/Pods-KeyboardManagerExample/Pods-KeyboardManagerExample-frameworks-${CONFIGURATION}-input-files.xcfilelist",
			);
			name = "[CP] Embed Pods Frameworks";
			outputFileListPaths = (
				"${PODS_ROOT}/Target Support Files/Pods-KeyboardManagerExample/Pods-KeyboardManagerExample-frameworks-${CONFIGURATION}-output-files.xcfilelist",
			);
			runOnlyForDeploymentPostprocessing = 0;
			shellPath = /bin/sh;
			shellScript = "\"${PODS_ROOT}/Target Support Files/Pods-KeyboardManagerExample/Pods-KeyboardManagerExample-frameworks.sh\"\n";
			showEnvVarsInLog = 0;
		};
/* End PBXShellScriptBuildPhase section */

/* Begin PBXSourcesBuildPhase section */
		A21184AD27FA0FCC00C36307 /* Sources */ = {
			isa = PBXSourcesBuildPhase;
			buildActionMask = 2147483647;
			files = (
				A21184B927FA0FCC00C36307 /* ViewController.swift in Sources */,
				A21184B527FA0FCC00C36307 /* AppDelegate.swift in Sources */,
				A21184B727FA0FCC00C36307 /* SceneDelegate.swift in Sources */,
			);
			runOnlyForDeploymentPostprocessing = 0;
		};
/* End PBXSourcesBuildPhase section */

/* Begin PBXVariantGroup section */
		A21184BA27FA0FCC00C36307 /* Main.storyboard */ = {
			isa = PBXVariantGroup;
			children = (
				A21184BB27FA0FCC00C36307 /* Base */,
			);
			name = Main.storyboard;
			sourceTree = "<group>";
		};
		A21184BF27FA0FCD00C36307 /* LaunchScreen.storyboard */ = {
			isa = PBXVariantGroup;
			children = (
				A21184C027FA0FCD00C36307 /* Base */,
			);
			name = LaunchScreen.storyboard;
			sourceTree = "<group>";
		};
/* End PBXVariantGroup section */

/* Begin XCBuildConfiguration section */
		A21184C327FA0FCD00C36307 /* Debug */ = {
			isa = XCBuildConfiguration;
			buildSettings = {
				ALWAYS_SEARCH_USER_PATHS = NO;
				CLANG_ANALYZER_NONNULL = YES;
				CLANG_ANALYZER_NUMBER_OBJECT_CONVERSION = YES_AGGRESSIVE;
				CLANG_CXX_LANGUAGE_STANDARD = "gnu++17";
				CLANG_CXX_LIBRARY = "libc++";
				CLANG_ENABLE_MODULES = YES;
				CLANG_ENABLE_OBJC_ARC = YES;
				CLANG_ENABLE_OBJC_WEAK = YES;
				CLANG_WARN_BLOCK_CAPTURE_AUTORELEASING = YES;
				CLANG_WARN_BOOL_CONVERSION = YES;
				CLANG_WARN_COMMA = YES;
				CLANG_WARN_CONSTANT_CONVERSION = YES;
				CLANG_WARN_DEPRECATED_OBJC_IMPLEMENTATIONS = YES;
				CLANG_WARN_DIRECT_OBJC_ISA_USAGE = YES_ERROR;
				CLANG_WARN_DOCUMENTATION_COMMENTS = YES;
				CLANG_WARN_EMPTY_BODY = YES;
				CLANG_WARN_ENUM_CONVERSION = YES;
				CLANG_WARN_INFINITE_RECURSION = YES;
				CLANG_WARN_INT_CONVERSION = YES;
				CLANG_WARN_NON_LITERAL_NULL_CONVERSION = YES;
				CLANG_WARN_OBJC_IMPLICIT_RETAIN_SELF = YES;
				CLANG_WARN_OBJC_LITERAL_CONVERSION = YES;
				CLANG_WARN_OBJC_ROOT_CLASS = YES_ERROR;
				CLANG_WARN_QUOTED_INCLUDE_IN_FRAMEWORK_HEADER = YES;
				CLANG_WARN_RANGE_LOOP_ANALYSIS = YES;
				CLANG_WARN_STRICT_PROTOTYPES = YES;
				CLANG_WARN_SUSPICIOUS_MOVE = YES;
				CLANG_WARN_UNGUARDED_AVAILABILITY = YES_AGGRESSIVE;
				CLANG_WARN_UNREACHABLE_CODE = YES;
				CLANG_WARN__DUPLICATE_METHOD_MATCH = YES;
				COPY_PHASE_STRIP = NO;
				DEBUG_INFORMATION_FORMAT = dwarf;
				ENABLE_STRICT_OBJC_MSGSEND = YES;
				ENABLE_TESTABILITY = YES;
				GCC_C_LANGUAGE_STANDARD = gnu11;
				GCC_DYNAMIC_NO_PIC = NO;
				GCC_NO_COMMON_BLOCKS = YES;
				GCC_OPTIMIZATION_LEVEL = 0;
				GCC_PREPROCESSOR_DEFINITIONS = (
					"DEBUG=1",
					"$(inherited)",
				);
				GCC_WARN_64_TO_32_BIT_CONVERSION = YES;
				GCC_WARN_ABOUT_RETURN_TYPE = YES_ERROR;
				GCC_WARN_UNDECLARED_SELECTOR = YES;
				GCC_WARN_UNINITIALIZED_AUTOS = YES_AGGRESSIVE;
				GCC_WARN_UNUSED_FUNCTION = YES;
				GCC_WARN_UNUSED_VARIABLE = YES;
				IPHONEOS_DEPLOYMENT_TARGET = 15.2;
				MTL_ENABLE_DEBUG_INFO = INCLUDE_SOURCE;
				MTL_FAST_MATH = YES;
				ONLY_ACTIVE_ARCH = YES;
				SDKROOT = iphoneos;
				SWIFT_ACTIVE_COMPILATION_CONDITIONS = DEBUG;
				SWIFT_OPTIMIZATION_LEVEL = "-Onone";
			};
			name = Debug;
		};
		A21184C427FA0FCD00C36307 /* Release */ = {
			isa = XCBuildConfiguration;
			buildSettings = {
				ALWAYS_SEARCH_USER_PATHS = NO;
				CLANG_ANALYZER_NONNULL = YES;
				CLANG_ANALYZER_NUMBER_OBJECT_CONVERSION = YES_AGGRESSIVE;
				CLANG_CXX_LANGUAGE_STANDARD = "gnu++17";
				CLANG_CXX_LIBRARY = "libc++";
				CLANG_ENABLE_MODULES = YES;
				CLANG_ENABLE_OBJC_ARC = YES;
				CLANG_ENABLE_OBJC_WEAK = YES;
				CLANG_WARN_BLOCK_CAPTURE_AUTORELEASING = YES;
				CLANG_WARN_BOOL_CONVERSION = YES;
				CLANG_WARN_COMMA = YES;
				CLANG_WARN_CONSTANT_CONVERSION = YES;
				CLANG_WARN_DEPRECATED_OBJC_IMPLEMENTATIONS = YES;
				CLANG_WARN_DIRECT_OBJC_ISA_USAGE = YES_ERROR;
				CLANG_WARN_DOCUMENTATION_COMMENTS = YES;
				CLANG_WARN_EMPTY_BODY = YES;
				CLANG_WARN_ENUM_CONVERSION = YES;
				CLANG_WARN_INFINITE_RECURSION = YES;
				CLANG_WARN_INT_CONVERSION = YES;
				CLANG_WARN_NON_LITERAL_NULL_CONVERSION = YES;
				CLANG_WARN_OBJC_IMPLICIT_RETAIN_SELF = YES;
				CLANG_WARN_OBJC_LITERAL_CONVERSION = YES;
				CLANG_WARN_OBJC_ROOT_CLASS = YES_ERROR;
				CLANG_WARN_QUOTED_INCLUDE_IN_FRAMEWORK_HEADER = YES;
				CLANG_WARN_RANGE_LOOP_ANALYSIS = YES;
				CLANG_WARN_STRICT_PROTOTYPES = YES;
				CLANG_WARN_SUSPICIOUS_MOVE = YES;
				CLANG_WARN_UNGUARDED_AVAILABILITY = YES_AGGRESSIVE;
				CLANG_WARN_UNREACHABLE_CODE = YES;
				CLANG_WARN__DUPLICATE_METHOD_MATCH = YES;
				COPY_PHASE_STRIP = NO;
				DEBUG_INFORMATION_FORMAT = "dwarf-with-dsym";
				ENABLE_NS_ASSERTIONS = NO;
				ENABLE_STRICT_OBJC_MSGSEND = YES;
				GCC_C_LANGUAGE_STANDARD = gnu11;
				GCC_NO_COMMON_BLOCKS = YES;
				GCC_WARN_64_TO_32_BIT_CONVERSION = YES;
				GCC_WARN_ABOUT_RETURN_TYPE = YES_ERROR;
				GCC_WARN_UNDECLARED_SELECTOR = YES;
				GCC_WARN_UNINITIALIZED_AUTOS = YES_AGGRESSIVE;
				GCC_WARN_UNUSED_FUNCTION = YES;
				GCC_WARN_UNUSED_VARIABLE = YES;
				IPHONEOS_DEPLOYMENT_TARGET = 15.2;
				MTL_ENABLE_DEBUG_INFO = NO;
				MTL_FAST_MATH = YES;
				SDKROOT = iphoneos;
				SWIFT_COMPILATION_MODE = wholemodule;
				SWIFT_OPTIMIZATION_LEVEL = "-O";
				VALIDATE_PRODUCT = YES;
			};
			name = Release;
		};
		A21184C627FA0FCD00C36307 /* Debug */ = {
			isa = XCBuildConfiguration;
			baseConfigurationReference = 7D9FE9BF7D639DF6AF35A9CB /* Pods-KeyboardManagerExample.debug.xcconfig */;
			buildSettings = {
				ASSETCATALOG_COMPILER_APPICON_NAME = AppIcon;
				ASSETCATALOG_COMPILER_GLOBAL_ACCENT_COLOR_NAME = AccentColor;
				CODE_SIGN_STYLE = Automatic;
				CURRENT_PROJECT_VERSION = 1;
				GENERATE_INFOPLIST_FILE = YES;
				INFOPLIST_FILE = KeyboardManagerExample/Info.plist;
				INFOPLIST_KEY_UIApplicationSupportsIndirectInputEvents = YES;
				INFOPLIST_KEY_UILaunchStoryboardName = LaunchScreen;
				INFOPLIST_KEY_UIMainStoryboardFile = Main;
				INFOPLIST_KEY_UISupportedInterfaceOrientations_iPad = "UIInterfaceOrientationPortrait UIInterfaceOrientationPortraitUpsideDown UIInterfaceOrientationLandscapeLeft UIInterfaceOrientationLandscapeRight";
				INFOPLIST_KEY_UISupportedInterfaceOrientations_iPhone = "UIInterfaceOrientationPortrait UIInterfaceOrientationLandscapeLeft UIInterfaceOrientationLandscapeRight";
				LD_RUNPATH_SEARCH_PATHS = (
					"$(inherited)",
					"@executable_path/Frameworks",
				);
				MARKETING_VERSION = 1.0;
				PRODUCT_BUNDLE_IDENTIFIER = edu.northeastern.xiyue.KeyboardManagerExample;
				PRODUCT_NAME = "$(TARGET_NAME)";
				SWIFT_EMIT_LOC_STRINGS = YES;
				SWIFT_VERSION = 5.0;
				TARGETED_DEVICE_FAMILY = "1,2";
			};
			name = Debug;
		};
		A21184C727FA0FCD00C36307 /* Release */ = {
			isa = XCBuildConfiguration;
			baseConfigurationReference = B1E2D51D5660824C45EAC9C9 /* Pods-KeyboardManagerExample.release.xcconfig */;
			buildSettings = {
				ASSETCATALOG_COMPILER_APPICON_NAME = AppIcon;
				ASSETCATALOG_COMPILER_GLOBAL_ACCENT_COLOR_NAME = AccentColor;
				CODE_SIGN_STYLE = Automatic;
				CURRENT_PROJECT_VERSION = 1;
				GENERATE_INFOPLIST_FILE = YES;
				INFOPLIST_FILE = KeyboardManagerExample/Info.plist;
				INFOPLIST_KEY_UIApplicationSupportsIndirectInputEvents = YES;
				INFOPLIST_KEY_UILaunchStoryboardName = LaunchScreen;
				INFOPLIST_KEY_UIMainStoryboardFile = Main;
				INFOPLIST_KEY_UISupportedInterfaceOrientations_iPad = "UIInterfaceOrientationPortrait UIInterfaceOrientationPortraitUpsideDown UIInterfaceOrientationLandscapeLeft UIInterfaceOrientationLandscapeRight";
				INFOPLIST_KEY_UISupportedInterfaceOrientations_iPhone = "UIInterfaceOrientationPortrait UIInterfaceOrientationLandscapeLeft UIInterfaceOrientationLandscapeRight";
				LD_RUNPATH_SEARCH_PATHS = (
					"$(inherited)",
					"@executable_path/Frameworks",
				);
				MARKETING_VERSION = 1.0;
				PRODUCT_BUNDLE_IDENTIFIER = edu.northeastern.xiyue.KeyboardManagerExample;
				PRODUCT_NAME = "$(TARGET_NAME)";
				SWIFT_EMIT_LOC_STRINGS = YES;
				SWIFT_VERSION = 5.0;
				TARGETED_DEVICE_FAMILY = "1,2";
			};
			name = Release;
		};
/* End XCBuildConfiguration section */

/* Begin XCConfigurationList section */
		A21184AC27FA0FCC00C36307 /* Build configuration list for PBXProject "KeyboardManagerExample" */ = {
			isa = XCConfigurationList;
			buildConfigurations = (
				A21184C327FA0FCD00C36307 /* Debug */,
				A21184C427FA0FCD00C36307 /* Release */,
			);
			defaultConfigurationIsVisible = 0;
			defaultConfigurationName = Release;
		};
		A21184C527FA0FCD00C36307 /* Build configuration list for PBXNativeTarget "KeyboardManagerExample" */ = {
			isa = XCConfigurationList;
			buildConfigurations = (
				A21184C627FA0FCD00C36307 /* Debug */,
				A21184C727FA0FCD00C36307 /* Release */,
			);
			defaultConfigurationIsVisible = 0;
			defaultConfigurationName = Release;
		};
/* End XCConfigurationList section */
	};
	rootObject = A21184A927FA0FCC00C36307 /* Project object */;
}
