// !$*UTF8*$!
{
	archiveVersion = 1;
	classes = {
	};
	objectVersion = 55;
	objects = {

/* Begin PBXBuildFile section */
		A266D8A328034C5A0088600F /* AppDelegate.swift in Sources */ = {isa = PBXBuildFile; fileRef = A266D8A228034C5A0088600F /* AppDelegate.swift */; };
		A266D8A528034C5A0088600F /* SceneDelegate.swift in Sources */ = {isa = PBXBuildFile; fileRef = A266D8A428034C5A0088600F /* SceneDelegate.swift */; };
		A266D8A728034C5A0088600F /* ViewController.swift in Sources */ = {isa = PBXBuildFile; fileRef = A266D8A628034C5A0088600F /* ViewController.swift */; };
		A266D8AA28034C5A0088600F /* Main.storyboard in Resources */ = {isa = PBXBuildFile; fileRef = A266D8A828034C5A0088600F /* Main.storyboard */; };
		A266D8AC28034C5B0088600F /* Assets.xcassets in Resources */ = {isa = PBXBuildFile; fileRef = A266D8AB28034C5B0088600F /* Assets.xcassets */; };
		A266D8AF28034C5B0088600F /* LaunchScreen.storyboard in Resources */ = {isa = PBXBuildFile; fileRef = A266D8AD28034C5B0088600F /* LaunchScreen.storyboard */; };
		A266D8BB280356B20088600F /* CurrentStockModel.swift in Sources */ = {isa = PBXBuildFile; fileRef = A266D8BA280356B20088600F /* CurrentStockModel.swift */; };
		A266D8BD280358D90088600F /* APIKeyFile.swift in Sources */ = {isa = PBXBuildFile; fileRef = A266D8BC280358D90088600F /* APIKeyFile.swift */; };
		A266D8BF280358F10088600F /* APIURLsFile.swift in Sources */ = {isa = PBXBuildFile; fileRef = A266D8BE280358F10088600F /* APIURLsFile.swift */; };
		A266D8C228035E270088600F /* TableViewCode.swift in Sources */ = {isa = PBXBuildFile; fileRef = A266D8C128035E270088600F /* TableViewCode.swift */; };
		A266D8C728035EB60088600F /* StockTableViewCell.swift in Sources */ = {isa = PBXBuildFile; fileRef = A266D8C528035EB60088600F /* StockTableViewCell.swift */; };
		A266D8C828035EB60088600F /* StockTableViewCell.xib in Resources */ = {isa = PBXBuildFile; fileRef = A266D8C628035EB60088600F /* StockTableViewCell.xib */; };
		A266D8CA280360010088600F /* NetworkFunctions.swift in Sources */ = {isa = PBXBuildFile; fileRef = A266D8C9280360010088600F /* NetworkFunctions.swift */; };
		A266D8CE280366660088600F /* ProtocolSendStockData.swift in Sources */ = {isa = PBXBuildFile; fileRef = A266D8CD280366660088600F /* ProtocolSendStockData.swift */; };
		A266D8D12803B4AC0088600F /* SearchStockTableViewCell.swift in Sources */ = {isa = PBXBuildFile; fileRef = A266D8CF2803B4AC0088600F /* SearchStockTableViewCell.swift */; };
		A266D8D22803B4AC0088600F /* SearchStockTableViewCell.xib in Resources */ = {isa = PBXBuildFile; fileRef = A266D8D02803B4AC0088600F /* SearchStockTableViewCell.xib */; };
		A266D8D42803B6F90088600F /* SearchViewController.swift in Sources */ = {isa = PBXBuildFile; fileRef = A266D8D32803B6F90088600F /* SearchViewController.swift */; };
		C8EDEFDDA7372086FCF9810E /* Pods_StockPrice.framework in Frameworks */ = {isa = PBXBuildFile; fileRef = 4FCFBB23A805EB416CF9EBF7 /* Pods_StockPrice.framework */; };
/* End PBXBuildFile section */

/* Begin PBXFileReference section */
		4FCFBB23A805EB416CF9EBF7 /* Pods_StockPrice.framework */ = {isa = PBXFileReference; explicitFileType = wrapper.framework; includeInIndex = 0; path = Pods_StockPrice.framework; sourceTree = BUILT_PRODUCTS_DIR; };
		A1DE45BAEB424D3791A7F400 /* Pods-StockPrice.debug.xcconfig */ = {isa = PBXFileReference; includeInIndex = 1; lastKnownFileType = text.xcconfig; name = "Pods-StockPrice.debug.xcconfig"; path = "Target Support Files/Pods-StockPrice/Pods-StockPrice.debug.xcconfig"; sourceTree = "<group>"; };
		A266D89F28034C5A0088600F /* StockPrice.app */ = {isa = PBXFileReference; explicitFileType = wrapper.application; includeInIndex = 0; path = StockPrice.app; sourceTree = BUILT_PRODUCTS_DIR; };
		A266D8A228034C5A0088600F /* AppDelegate.swift */ = {isa = PBXFileReference; lastKnownFileType = sourcecode.swift; path = AppDelegate.swift; sourceTree = "<group>"; };
		A266D8A428034C5A0088600F /* SceneDelegate.swift */ = {isa = PBXFileReference; lastKnownFileType = sourcecode.swift; path = SceneDelegate.swift; sourceTree = "<group>"; };
		A266D8A628034C5A0088600F /* ViewController.swift */ = {isa = PBXFileReference; lastKnownFileType = sourcecode.swift; path = ViewController.swift; sourceTree = "<group>"; };
		A266D8A928034C5A0088600F /* Base */ = {isa = PBXFileReference; lastKnownFileType = file.storyboard; name = Base; path = Base.lproj/Main.storyboard; sourceTree = "<group>"; };
		A266D8AB28034C5B0088600F /* Assets.xcassets */ = {isa = PBXFileReference; lastKnownFileType = folder.assetcatalog; path = Assets.xcassets; sourceTree = "<group>"; };
		A266D8AE28034C5B0088600F /* Base */ = {isa = PBXFileReference; lastKnownFileType = file.storyboard; name = Base; path = Base.lproj/LaunchScreen.storyboard; sourceTree = "<group>"; };
		A266D8B028034C5B0088600F /* Info.plist */ = {isa = PBXFileReference; lastKnownFileType = text.plist.xml; path = Info.plist; sourceTree = "<group>"; };
		A266D8BA280356B20088600F /* CurrentStockModel.swift */ = {isa = PBXFileReference; lastKnownFileType = sourcecode.swift; path = CurrentStockModel.swift; sourceTree = "<group>"; };
		A266D8BC280358D90088600F /* APIKeyFile.swift */ = {isa = PBXFileReference; lastKnownFileType = sourcecode.swift; path = APIKeyFile.swift; sourceTree = "<group>"; };
		A266D8BE280358F10088600F /* APIURLsFile.swift */ = {isa = PBXFileReference; lastKnownFileType = sourcecode.swift; path = APIURLsFile.swift; sourceTree = "<group>"; };
		A266D8C128035E270088600F /* TableViewCode.swift */ = {isa = PBXFileReference; lastKnownFileType = sourcecode.swift; path = TableViewCode.swift; sourceTree = "<group>"; };
		A266D8C528035EB60088600F /* StockTableViewCell.swift */ = {isa = PBXFileReference; lastKnownFileType = sourcecode.swift; path = StockTableViewCell.swift; sourceTree = "<group>"; };
		A266D8C628035EB60088600F /* StockTableViewCell.xib */ = {isa = PBXFileReference; lastKnownFileType = file.xib; path = StockTableViewCell.xib; sourceTree = "<group>"; };
		A266D8C9280360010088600F /* NetworkFunctions.swift */ = {isa = PBXFileReference; lastKnownFileType = sourcecode.swift; path = NetworkFunctions.swift; sourceTree = "<group>"; };
		A266D8CD280366660088600F /* ProtocolSendStockData.swift */ = {isa = PBXFileReference; lastKnownFileType = sourcecode.swift; path = ProtocolSendStockData.swift; sourceTree = "<group>"; };
		A266D8CF2803B4AC0088600F /* SearchStockTableViewCell.swift */ = {isa = PBXFileReference; lastKnownFileType = sourcecode.swift; path = SearchStockTableViewCell.swift; sourceTree = "<group>"; };
		A266D8D02803B4AC0088600F /* SearchStockTableViewCell.xib */ = {isa = PBXFileReference; lastKnownFileType = file.xib; path = SearchStockTableViewCell.xib; sourceTree = "<group>"; };
		A266D8D32803B6F90088600F /* SearchViewController.swift */ = {isa = PBXFileReference; lastKnownFileType = sourcecode.swift; path = SearchViewController.swift; sourceTree = "<group>"; };
		F6ECA98C2363F3A782E407F1 /* Pods-StockPrice.release.xcconfig */ = {isa = PBXFileReference; includeInIndex = 1; lastKnownFileType = text.xcconfig; name = "Pods-StockPrice.release.xcconfig"; path = "Target Support Files/Pods-StockPrice/Pods-StockPrice.release.xcconfig"; sourceTree = "<group>"; };
/* End PBXFileReference section */

/* Begin PBXFrameworksBuildPhase section */
		A266D89C28034C5A0088600F /* Frameworks */ = {
			isa = PBXFrameworksBuildPhase;
			buildActionMask = 2147483647;
			files = (
				C8EDEFDDA7372086FCF9810E /* Pods_StockPrice.framework in Frameworks */,
			);
			runOnlyForDeploymentPostprocessing = 0;
		};
/* End PBXFrameworksBuildPhase section */

/* Begin PBXGroup section */
		5BDED16371048A45DD192800 /* Frameworks */ = {
			isa = PBXGroup;
			children = (
				4FCFBB23A805EB416CF9EBF7 /* Pods_StockPrice.framework */,
			);
			name = Frameworks;
			sourceTree = "<group>";
		};
		A266D89628034C5A0088600F = {
			isa = PBXGroup;
			children = (
				A266D8A128034C5A0088600F /* StockPrice */,
				A266D8A028034C5A0088600F /* Products */,
				D7C8A9E68140BF8B4C09A9C8 /* Pods */,
				5BDED16371048A45DD192800 /* Frameworks */,
			);
			sourceTree = "<group>";
		};
		A266D8A028034C5A0088600F /* Products */ = {
			isa = PBXGroup;
			children = (
				A266D89F28034C5A0088600F /* StockPrice.app */,
			);
			name = Products;
			sourceTree = "<group>";
		};
		A266D8A128034C5A0088600F /* StockPrice */ = {
			isa = PBXGroup;
			children = (
				A266D8C028035DB70088600F /* InitialController */,
				A266D8B82803567B0088600F /* Model */,
				A266D8B62803566A0088600F /* Utilities */,
				A266D8A228034C5A0088600F /* AppDelegate.swift */,
				A266D8A428034C5A0088600F /* SceneDelegate.swift */,
				A266D8A828034C5A0088600F /* Main.storyboard */,
				A266D8AB28034C5B0088600F /* Assets.xcassets */,
				A266D8AD28034C5B0088600F /* LaunchScreen.storyboard */,
				A266D8B028034C5B0088600F /* Info.plist */,
			);
			path = StockPrice;
			sourceTree = "<group>";
		};
		A266D8B62803566A0088600F /* Utilities */ = {
			isa = PBXGroup;
			children = (
				A266D8BC280358D90088600F /* APIKeyFile.swift */,
				A266D8BE280358F10088600F /* APIURLsFile.swift */,
				A266D8C9280360010088600F /* NetworkFunctions.swift */,
				A266D8CD280366660088600F /* ProtocolSendStockData.swift */,
			);
			path = Utilities;
			sourceTree = "<group>";
		};
		A266D8B82803567B0088600F /* Model */ = {
			isa = PBXGroup;
			children = (
				A266D8BA280356B20088600F /* CurrentStockModel.swift */,
			);
			path = Model;
			sourceTree = "<group>";
		};
		A266D8C028035DB70088600F /* InitialController */ = {
			isa = PBXGroup;
			children = (
				A266D8A628034C5A0088600F /* ViewController.swift */,
				A266D8D32803B6F90088600F /* SearchViewController.swift */,
				A266D8C128035E270088600F /* TableViewCode.swift */,
				A266D8C528035EB60088600F /* StockTableViewCell.swift */,
				A266D8C628035EB60088600F /* StockTableViewCell.xib */,
				A266D8CF2803B4AC0088600F /* SearchStockTableViewCell.swift */,
				A266D8D02803B4AC0088600F /* SearchStockTableViewCell.xib */,
			);
			path = InitialController;
			sourceTree = "<group>";
		};
		D7C8A9E68140BF8B4C09A9C8 /* Pods */ = {
			isa = PBXGroup;
			children = (
				A1DE45BAEB424D3791A7F400 /* Pods-StockPrice.debug.xcconfig */,
				F6ECA98C2363F3A782E407F1 /* Pods-StockPrice.release.xcconfig */,
			);
			path = Pods;
			sourceTree = "<group>";
		};
/* End PBXGroup section */

/* Begin PBXNativeTarget section */
		A266D89E28034C5A0088600F /* StockPrice */ = {
			isa = PBXNativeTarget;
			buildConfigurationList = A266D8B328034C5B0088600F /* Build configuration list for PBXNativeTarget "StockPrice" */;
			buildPhases = (
				88C0391362526AC2158657D7 /* [CP] Check Pods Manifest.lock */,
				A266D89B28034C5A0088600F /* Sources */,
				A266D89C28034C5A0088600F /* Frameworks */,
				A266D89D28034C5A0088600F /* Resources */,
				B96BF871ACCDC3AEB94A2B4D /* [CP] Embed Pods Frameworks */,
			);
			buildRules = (
			);
			dependencies = (
			);
			name = StockPrice;
			productName = StockPrice;
			productReference = A266D89F28034C5A0088600F /* StockPrice.app */;
			productType = "com.apple.product-type.application";
		};
/* End PBXNativeTarget section */

/* Begin PBXProject section */
		A266D89728034C5A0088600F /* Project object */ = {
			isa = PBXProject;
			attributes = {
				BuildIndependentTargetsInParallel = 1;
				LastSwiftUpdateCheck = 1320;
				LastUpgradeCheck = 1320;
				TargetAttributes = {
					A266D89E28034C5A0088600F = {
						CreatedOnToolsVersion = 13.2.1;
					};
				};
			};
			buildConfigurationList = A266D89A28034C5A0088600F /* Build configuration list for PBXProject "StockPrice" */;
			compatibilityVersion = "Xcode 13.0";
			developmentRegion = en;
			hasScannedForEncodings = 0;
			knownRegions = (
				en,
				Base,
			);
			mainGroup = A266D89628034C5A0088600F;
			productRefGroup = A266D8A028034C5A0088600F /* Products */;
			projectDirPath = "";
			projectRoot = "";
			targets = (
				A266D89E28034C5A0088600F /* StockPrice */,
			);
		};
/* End PBXProject section */

/* Begin PBXResourcesBuildPhase section */
		A266D89D28034C5A0088600F /* Resources */ = {
			isa = PBXResourcesBuildPhase;
			buildActionMask = 2147483647;
			files = (
				A266D8AF28034C5B0088600F /* LaunchScreen.storyboard in Resources */,
				A266D8D22803B4AC0088600F /* SearchStockTableViewCell.xib in Resources */,
				A266D8AC28034C5B0088600F /* Assets.xcassets in Resources */,
				A266D8C828035EB60088600F /* StockTableViewCell.xib in Resources */,
				A266D8AA28034C5A0088600F /* Main.storyboard in Resources */,
			);
			runOnlyForDeploymentPostprocessing = 0;
		};
/* End PBXResourcesBuildPhase section */

/* Begin PBXShellScriptBuildPhase section */
		88C0391362526AC2158657D7 /* [CP] Check Pods Manifest.lock */ = {
			isa = PBXShellScriptBuildPhase;
			buildActionMask = 2147483647;
			files = (
			);
			inputFileListPaths = (
			);
			inputPaths = (
				"${PODS_PODFILE_DIR_PATH}/Podfile.lock",
				"${PODS_ROOT}/Manifest.lock",
			);
			name = "[CP] Check Pods Manifest.lock";
			outputFileListPaths = (
			);
			outputPaths = (
				"$(DERIVED_FILE_DIR)/Pods-StockPrice-checkManifestLockResult.txt",
			);
			runOnlyForDeploymentPostprocessing = 0;
			shellPath = /bin/sh;
			shellScript = "diff \"${PODS_PODFILE_DIR_PATH}/Podfile.lock\" \"${PODS_ROOT}/Manifest.lock\" > /dev/null\nif [ $? != 0 ] ; then\n    # print error to STDERR\n    echo \"error: The sandbox is not in sync with the Podfile.lock. Run 'pod install' or update your CocoaPods installation.\" >&2\n    exit 1\nfi\n# This output is used by Xcode 'outputs' to avoid re-running this script phase.\necho \"SUCCESS\" > \"${SCRIPT_OUTPUT_FILE_0}\"\n";
			showEnvVarsInLog = 0;
		};
		B96BF871ACCDC3AEB94A2B4D /* [CP] Embed Pods Frameworks */ = {
			isa = PBXShellScriptBuildPhase;
			buildActionMask = 2147483647;
			files = (
			);
			inputFileListPaths = (
				"${PODS_ROOT}/Target Support Files/Pods-StockPrice/Pods-StockPrice-frameworks-${CONFIGURATION}-input-files.xcfilelist",
			);
			name = "[CP] Embed Pods Frameworks";
			outputFileListPaths = (
				"${PODS_ROOT}/Target Support Files/Pods-StockPrice/Pods-StockPrice-frameworks-${CONFIGURATION}-output-files.xcfilelist",
			);
			runOnlyForDeploymentPostprocessing = 0;
			shellPath = /bin/sh;
			shellScript = "\"${PODS_ROOT}/Target Support Files/Pods-StockPrice/Pods-StockPrice-frameworks.sh\"\n";
			showEnvVarsInLog = 0;
		};
/* End PBXShellScriptBuildPhase section */

/* Begin PBXSourcesBuildPhase section */
		A266D89B28034C5A0088600F /* Sources */ = {
			isa = PBXSourcesBuildPhase;
			buildActionMask = 2147483647;
			files = (
				A266D8A728034C5A0088600F /* ViewController.swift in Sources */,
				A266D8A328034C5A0088600F /* AppDelegate.swift in Sources */,
				A266D8C728035EB60088600F /* StockTableViewCell.swift in Sources */,
				A266D8BB280356B20088600F /* CurrentStockModel.swift in Sources */,
				A266D8D12803B4AC0088600F /* SearchStockTableViewCell.swift in Sources */,
				A266D8C228035E270088600F /* TableViewCode.swift in Sources */,
				A266D8D42803B6F90088600F /* SearchViewController.swift in Sources */,
				A266D8CE280366660088600F /* ProtocolSendStockData.swift in Sources */,
				A266D8A528034C5A0088600F /* SceneDelegate.swift in Sources */,
				A266D8BF280358F10088600F /* APIURLsFile.swift in Sources */,
				A266D8CA280360010088600F /* NetworkFunctions.swift in Sources */,
				A266D8BD280358D90088600F /* APIKeyFile.swift in Sources */,
			);
			runOnlyForDeploymentPostprocessing = 0;
		};
/* End PBXSourcesBuildPhase section */

/* Begin PBXVariantGroup section */
		A266D8A828034C5A0088600F /* Main.storyboard */ = {
			isa = PBXVariantGroup;
			children = (
				A266D8A928034C5A0088600F /* Base */,
			);
			name = Main.storyboard;
			sourceTree = "<group>";
		};
		A266D8AD28034C5B0088600F /* LaunchScreen.storyboard */ = {
			isa = PBXVariantGroup;
			children = (
				A266D8AE28034C5B0088600F /* Base */,
			);
			name = LaunchScreen.storyboard;
			sourceTree = "<group>";
		};
/* End PBXVariantGroup section */

/* Begin XCBuildConfiguration section */
		A266D8B128034C5B0088600F /* Debug */ = {
			isa = XCBuildConfiguration;
			buildSettings = {
				ALWAYS_SEARCH_USER_PATHS = NO;
				CLANG_ANALYZER_NONNULL = YES;
				CLANG_ANALYZER_NUMBER_OBJECT_CONVERSION = YES_AGGRESSIVE;
				CLANG_CXX_LANGUAGE_STANDARD = "gnu++17";
				CLANG_CXX_LIBRARY = "libc++";
				CLANG_ENABLE_MODULES = YES;
				CLANG_ENABLE_OBJC_ARC = YES;
				CLANG_ENABLE_OBJC_WEAK = YES;
				CLANG_WARN_BLOCK_CAPTURE_AUTORELEASING = YES;
				CLANG_WARN_BOOL_CONVERSION = YES;
				CLANG_WARN_COMMA = YES;
				CLANG_WARN_CONSTANT_CONVERSION = YES;
				CLANG_WARN_DEPRECATED_OBJC_IMPLEMENTATIONS = YES;
				CLANG_WARN_DIRECT_OBJC_ISA_USAGE = YES_ERROR;
				CLANG_WARN_DOCUMENTATION_COMMENTS = YES;
				CLANG_WARN_EMPTY_BODY = YES;
				CLANG_WARN_ENUM_CONVERSION = YES;
				CLANG_WARN_INFINITE_RECURSION = YES;
				CLANG_WARN_INT_CONVERSION = YES;
				CLANG_WARN_NON_LITERAL_NULL_CONVERSION = YES;
				CLANG_WARN_OBJC_IMPLICIT_RETAIN_SELF = YES;
				CLANG_WARN_OBJC_LITERAL_CONVERSION = YES;
				CLANG_WARN_OBJC_ROOT_CLASS = YES_ERROR;
				CLANG_WARN_QUOTED_INCLUDE_IN_FRAMEWORK_HEADER = YES;
				CLANG_WARN_RANGE_LOOP_ANALYSIS = YES;
				CLANG_WARN_STRICT_PROTOTYPES = YES;
				CLANG_WARN_SUSPICIOUS_MOVE = YES;
				CLANG_WARN_UNGUARDED_AVAILABILITY = YES_AGGRESSIVE;
				CLANG_WARN_UNREACHABLE_CODE = YES;
				CLANG_WARN__DUPLICATE_METHOD_MATCH = YES;
				COPY_PHASE_STRIP = NO;
				DEBUG_INFORMATION_FORMAT = dwarf;
				ENABLE_STRICT_OBJC_MSGSEND = YES;
				ENABLE_TESTABILITY = YES;
				GCC_C_LANGUAGE_STANDARD = gnu11;
				GCC_DYNAMIC_NO_PIC = NO;
				GCC_NO_COMMON_BLOCKS = YES;
				GCC_OPTIMIZATION_LEVEL = 0;
				GCC_PREPROCESSOR_DEFINITIONS = (
					"DEBUG=1",
					"$(inherited)",
				);
				GCC_WARN_64_TO_32_BIT_CONVERSION = YES;
				GCC_WARN_ABOUT_RETURN_TYPE = YES_ERROR;
				GCC_WARN_UNDECLARED_SELECTOR = YES;
				GCC_WARN_UNINITIALIZED_AUTOS = YES_AGGRESSIVE;
				GCC_WARN_UNUSED_FUNCTION = YES;
				GCC_WARN_UNUSED_VARIABLE = YES;
				IPHONEOS_DEPLOYMENT_TARGET = 15.2;
				MTL_ENABLE_DEBUG_INFO = INCLUDE_SOURCE;
				MTL_FAST_MATH = YES;
				ONLY_ACTIVE_ARCH = YES;
				SDKROOT = iphoneos;
				SWIFT_ACTIVE_COMPILATION_CONDITIONS = DEBUG;
				SWIFT_OPTIMIZATION_LEVEL = "-Onone";
			};
			name = Debug;
		};
		A266D8B228034C5B0088600F /* Release */ = {
			isa = XCBuildConfiguration;
			buildSettings = {
				ALWAYS_SEARCH_USER_PATHS = NO;
				CLANG_ANALYZER_NONNULL = YES;
				CLANG_ANALYZER_NUMBER_OBJECT_CONVERSION = YES_AGGRESSIVE;
				CLANG_CXX_LANGUAGE_STANDARD = "gnu++17";
				CLANG_CXX_LIBRARY = "libc++";
				CLANG_ENABLE_MODULES = YES;
				CLANG_ENABLE_OBJC_ARC = YES;
				CLANG_ENABLE_OBJC_WEAK = YES;
				CLANG_WARN_BLOCK_CAPTURE_AUTORELEASING = YES;
				CLANG_WARN_BOOL_CONVERSION = YES;
				CLANG_WARN_COMMA = YES;
				CLANG_WARN_CONSTANT_CONVERSION = YES;
				CLANG_WARN_DEPRECATED_OBJC_IMPLEMENTATIONS = YES;
				CLANG_WARN_DIRECT_OBJC_ISA_USAGE = YES_ERROR;
				CLANG_WARN_DOCUMENTATION_COMMENTS = YES;
				CLANG_WARN_EMPTY_BODY = YES;
				CLANG_WARN_ENUM_CONVERSION = YES;
				CLANG_WARN_INFINITE_RECURSION = YES;
				CLANG_WARN_INT_CONVERSION = YES;
				CLANG_WARN_NON_LITERAL_NULL_CONVERSION = YES;
				CLANG_WARN_OBJC_IMPLICIT_RETAIN_SELF = YES;
				CLANG_WARN_OBJC_LITERAL_CONVERSION = YES;
				CLANG_WARN_OBJC_ROOT_CLASS = YES_ERROR;
				CLANG_WARN_QUOTED_INCLUDE_IN_FRAMEWORK_HEADER = YES;
				CLANG_WARN_RANGE_LOOP_ANALYSIS = YES;
				CLANG_WARN_STRICT_PROTOTYPES = YES;
				CLANG_WARN_SUSPICIOUS_MOVE = YES;
				CLANG_WARN_UNGUARDED_AVAILABILITY = YES_AGGRESSIVE;
				CLANG_WARN_UNREACHABLE_CODE = YES;
				CLANG_WARN__DUPLICATE_METHOD_MATCH = YES;
				COPY_PHASE_STRIP = NO;
				DEBUG_INFORMATION_FORMAT = "dwarf-with-dsym";
				ENABLE_NS_ASSERTIONS = NO;
				ENABLE_STRICT_OBJC_MSGSEND = YES;
				GCC_C_LANGUAGE_STANDARD = gnu11;
				GCC_NO_COMMON_BLOCKS = YES;
				GCC_WARN_64_TO_32_BIT_CONVERSION = YES;
				GCC_WARN_ABOUT_RETURN_TYPE = YES_ERROR;
				GCC_WARN_UNDECLARED_SELECTOR = YES;
				GCC_WARN_UNINITIALIZED_AUTOS = YES_AGGRESSIVE;
				GCC_WARN_UNUSED_FUNCTION = YES;
				GCC_WARN_UNUSED_VARIABLE = YES;
				IPHONEOS_DEPLOYMENT_TARGET = 15.2;
				MTL_ENABLE_DEBUG_INFO = NO;
				MTL_FAST_MATH = YES;
				SDKROOT = iphoneos;
				SWIFT_COMPILATION_MODE = wholemodule;
				SWIFT_OPTIMIZATION_LEVEL = "-O";
				VALIDATE_PRODUCT = YES;
			};
			name = Release;
		};
		A266D8B428034C5B0088600F /* Debug */ = {
			isa = XCBuildConfiguration;
			baseConfigurationReference = A1DE45BAEB424D3791A7F400 /* Pods-StockPrice.debug.xcconfig */;
			buildSettings = {
				ASSETCATALOG_COMPILER_APPICON_NAME = AppIcon;
				ASSETCATALOG_COMPILER_GLOBAL_ACCENT_COLOR_NAME = AccentColor;
				CODE_SIGN_STYLE = Automatic;
				CURRENT_PROJECT_VERSION = 1;
				GENERATE_INFOPLIST_FILE = YES;
				INFOPLIST_FILE = StockPrice/Info.plist;
				INFOPLIST_KEY_UIApplicationSupportsIndirectInputEvents = YES;
				INFOPLIST_KEY_UILaunchStoryboardName = LaunchScreen;
				INFOPLIST_KEY_UIMainStoryboardFile = Main;
				INFOPLIST_KEY_UISupportedInterfaceOrientations_iPad = "UIInterfaceOrientationPortrait UIInterfaceOrientationPortraitUpsideDown UIInterfaceOrientationLandscapeLeft UIInterfaceOrientationLandscapeRight";
				INFOPLIST_KEY_UISupportedInterfaceOrientations_iPhone = "UIInterfaceOrientationPortrait UIInterfaceOrientationLandscapeLeft UIInterfaceOrientationLandscapeRight";
				LD_RUNPATH_SEARCH_PATHS = (
					"$(inherited)",
					"@executable_path/Frameworks",
				);
				MARKETING_VERSION = 1.0;
				PRODUCT_BUNDLE_IDENTIFIER = edu.northeastern.xiyue.StockPrice;
				PRODUCT_NAME = "$(TARGET_NAME)";
				SWIFT_EMIT_LOC_STRINGS = YES;
				SWIFT_VERSION = 5.0;
				TARGETED_DEVICE_FAMILY = "1,2";
			};
			name = Debug;
		};
		A266D8B528034C5B0088600F /* Release */ = {
			isa = XCBuildConfiguration;
			baseConfigurationReference = F6ECA98C2363F3A782E407F1 /* Pods-StockPrice.release.xcconfig */;
			buildSettings = {
				ASSETCATALOG_COMPILER_APPICON_NAME = AppIcon;
				ASSETCATALOG_COMPILER_GLOBAL_ACCENT_COLOR_NAME = AccentColor;
				CODE_SIGN_STYLE = Automatic;
				CURRENT_PROJECT_VERSION = 1;
				GENERATE_INFOPLIST_FILE = YES;
				INFOPLIST_FILE = StockPrice/Info.plist;
				INFOPLIST_KEY_UIApplicationSupportsIndirectInputEvents = YES;
				INFOPLIST_KEY_UILaunchStoryboardName = LaunchScreen;
				INFOPLIST_KEY_UIMainStoryboardFile = Main;
				INFOPLIST_KEY_UISupportedInterfaceOrientations_iPad = "UIInterfaceOrientationPortrait UIInterfaceOrientationPortraitUpsideDown UIInterfaceOrientationLandscapeLeft UIInterfaceOrientationLandscapeRight";
				INFOPLIST_KEY_UISupportedInterfaceOrientations_iPhone = "UIInterfaceOrientationPortrait UIInterfaceOrientationLandscapeLeft UIInterfaceOrientationLandscapeRight";
				LD_RUNPATH_SEARCH_PATHS = (
					"$(inherited)",
					"@executable_path/Frameworks",
				);
				MARKETING_VERSION = 1.0;
				PRODUCT_BUNDLE_IDENTIFIER = edu.northeastern.xiyue.StockPrice;
				PRODUCT_NAME = "$(TARGET_NAME)";
				SWIFT_EMIT_LOC_STRINGS = YES;
				SWIFT_VERSION = 5.0;
				TARGETED_DEVICE_FAMILY = "1,2";
			};
			name = Release;
		};
/* End XCBuildConfiguration section */

/* Begin XCConfigurationList section */
		A266D89A28034C5A0088600F /* Build configuration list for PBXProject "StockPrice" */ = {
			isa = XCConfigurationList;
			buildConfigurations = (
				A266D8B128034C5B0088600F /* Debug */,
				A266D8B228034C5B0088600F /* Release */,
			);
			defaultConfigurationIsVisible = 0;
			defaultConfigurationName = Release;
		};
		A266D8B328034C5B0088600F /* Build configuration list for PBXNativeTarget "StockPrice" */ = {
			isa = XCConfigurationList;
			buildConfigurations = (
				A266D8B428034C5B0088600F /* Debug */,
				A266D8B528034C5B0088600F /* Release */,
			);
			defaultConfigurationIsVisible = 0;
			defaultConfigurationName = Release;
		};
/* End XCConfigurationList section */
	};
	rootObject = A266D89728034C5A0088600F /* Project object */;
}
