// !$*UTF8*$!
{
	archiveVersion = 1;
	classes = {
	};
	objectVersion = 55;
	objects = {

/* Begin PBXBuildFile section */
		A20839A027CC0F51005E3C79 /* URLConstants.swift in Sources */ = {isa = PBXBuildFile; fileRef = A208399F27CC0F51005E3C79 /* URLConstants.swift */; };
		A20839A227CC0F5C005E3C79 /* APIKeyFile.swift in Sources */ = {isa = PBXBuildFile; fileRef = A20839A127CC0F5C005E3C79 /* APIKeyFile.swift */; };
		A20839A627CC104F005E3C79 /* StockShort.swift in Sources */ = {isa = PBXBuildFile; fileRef = A20839A527CC104F005E3C79 /* StockShort.swift */; };
		A20839A827CC13E4005E3C79 /* StockViewController.swift in Sources */ = {isa = PBXBuildFile; fileRef = A20839A727CC13E4005E3C79 /* StockViewController.swift */; };
		A2F692C127CC092100E63A99 /* AppDelegate.swift in Sources */ = {isa = PBXBuildFile; fileRef = A2F692C027CC092100E63A99 /* AppDelegate.swift */; };
		A2F692C327CC092100E63A99 /* SceneDelegate.swift in Sources */ = {isa = PBXBuildFile; fileRef = A2F692C227CC092100E63A99 /* SceneDelegate.swift */; };
		A2F692C827CC092100E63A99 /* Main.storyboard in Resources */ = {isa = PBXBuildFile; fileRef = A2F692C627CC092100E63A99 /* Main.storyboard */; };
		A2F692CA27CC092100E63A99 /* Assets.xcassets in Resources */ = {isa = PBXBuildFile; fileRef = A2F692C927CC092100E63A99 /* Assets.xcassets */; };
		A2F692CD27CC092100E63A99 /* LaunchScreen.storyboard in Resources */ = {isa = PBXBuildFile; fileRef = A2F692CB27CC092100E63A99 /* LaunchScreen.storyboard */; };
		C5634DCEB81244E5A6BFEC50 /* Pods_StockMaster.framework in Frameworks */ = {isa = PBXBuildFile; fileRef = AD4D00EF31DFD936FC416884 /* Pods_StockMaster.framework */; };
/* End PBXBuildFile section */

/* Begin PBXFileReference section */
		0F2DDE7F800AE0FDDDE7257D /* Pods-StockMaster.debug.xcconfig */ = {isa = PBXFileReference; includeInIndex = 1; lastKnownFileType = text.xcconfig; name = "Pods-StockMaster.debug.xcconfig"; path = "Target Support Files/Pods-StockMaster/Pods-StockMaster.debug.xcconfig"; sourceTree = "<group>"; };
		48E469086489DD66B0FB802D /* Pods-StockMaster.release.xcconfig */ = {isa = PBXFileReference; includeInIndex = 1; lastKnownFileType = text.xcconfig; name = "Pods-StockMaster.release.xcconfig"; path = "Target Support Files/Pods-StockMaster/Pods-StockMaster.release.xcconfig"; sourceTree = "<group>"; };
		A208399F27CC0F51005E3C79 /* URLConstants.swift */ = {isa = PBXFileReference; lastKnownFileType = sourcecode.swift; path = URLConstants.swift; sourceTree = "<group>"; };
		A20839A127CC0F5C005E3C79 /* APIKeyFile.swift */ = {isa = PBXFileReference; lastKnownFileType = sourcecode.swift; path = APIKeyFile.swift; sourceTree = "<group>"; };
		A20839A527CC104F005E3C79 /* StockShort.swift */ = {isa = PBXFileReference; lastKnownFileType = sourcecode.swift; path = StockShort.swift; sourceTree = "<group>"; };
		A20839A727CC13E4005E3C79 /* StockViewController.swift */ = {isa = PBXFileReference; lastKnownFileType = sourcecode.swift; path = StockViewController.swift; sourceTree = "<group>"; };
		A2F692BD27CC092100E63A99 /* StockMaster.app */ = {isa = PBXFileReference; explicitFileType = wrapper.application; includeInIndex = 0; path = StockMaster.app; sourceTree = BUILT_PRODUCTS_DIR; };
		A2F692C027CC092100E63A99 /* AppDelegate.swift */ = {isa = PBXFileReference; lastKnownFileType = sourcecode.swift; path = AppDelegate.swift; sourceTree = "<group>"; };
		A2F692C227CC092100E63A99 /* SceneDelegate.swift */ = {isa = PBXFileReference; lastKnownFileType = sourcecode.swift; path = SceneDelegate.swift; sourceTree = "<group>"; };
		A2F692C727CC092100E63A99 /* Base */ = {isa = PBXFileReference; lastKnownFileType = file.storyboard; name = Base; path = Base.lproj/Main.storyboard; sourceTree = "<group>"; };
		A2F692C927CC092100E63A99 /* Assets.xcassets */ = {isa = PBXFileReference; lastKnownFileType = folder.assetcatalog; path = Assets.xcassets; sourceTree = "<group>"; };
		A2F692CC27CC092100E63A99 /* Base */ = {isa = PBXFileReference; lastKnownFileType = file.storyboard; name = Base; path = Base.lproj/LaunchScreen.storyboard; sourceTree = "<group>"; };
		A2F692CE27CC092100E63A99 /* Info.plist */ = {isa = PBXFileReference; lastKnownFileType = text.plist.xml; path = Info.plist; sourceTree = "<group>"; };
		AD4D00EF31DFD936FC416884 /* Pods_StockMaster.framework */ = {isa = PBXFileReference; explicitFileType = wrapper.framework; includeInIndex = 0; path = Pods_StockMaster.framework; sourceTree = BUILT_PRODUCTS_DIR; };
/* End PBXFileReference section */

/* Begin PBXFrameworksBuildPhase section */
		A2F692BA27CC092100E63A99 /* Frameworks */ = {
			isa = PBXFrameworksBuildPhase;
			buildActionMask = 2147483647;
			files = (
				C5634DCEB81244E5A6BFEC50 /* Pods_StockMaster.framework in Frameworks */,
			);
			runOnlyForDeploymentPostprocessing = 0;
		};
/* End PBXFrameworksBuildPhase section */

/* Begin PBXGroup section */
		12CD28D7DAD73FB8614531FA /* Frameworks */ = {
			isa = PBXGroup;
			children = (
				AD4D00EF31DFD936FC416884 /* Pods_StockMaster.framework */,
			);
			name = Frameworks;
			sourceTree = "<group>";
		};
		6789C510DB885F690B7D30DF /* Pods */ = {
			isa = PBXGroup;
			children = (
				0F2DDE7F800AE0FDDDE7257D /* Pods-StockMaster.debug.xcconfig */,
				48E469086489DD66B0FB802D /* Pods-StockMaster.release.xcconfig */,
			);
			path = Pods;
			sourceTree = "<group>";
		};
		A208399B27CC0E82005E3C79 /* Controller */ = {
			isa = PBXGroup;
			children = (
				A20839A727CC13E4005E3C79 /* StockViewController.swift */,
			);
			path = Controller;
			sourceTree = "<group>";
		};
		A208399C27CC0E8E005E3C79 /* View */ = {
			isa = PBXGroup;
			children = (
				A2F692C627CC092100E63A99 /* Main.storyboard */,
			);
			path = View;
			sourceTree = "<group>";
		};
		A208399D27CC0E9B005E3C79 /* Model */ = {
			isa = PBXGroup;
			children = (
				A20839A527CC104F005E3C79 /* StockShort.swift */,
			);
			path = Model;
			sourceTree = "<group>";
		};
		A208399E27CC0F16005E3C79 /* Constants */ = {
			isa = PBXGroup;
			children = (
				A208399F27CC0F51005E3C79 /* URLConstants.swift */,
				A20839A127CC0F5C005E3C79 /* APIKeyFile.swift */,
			);
			path = Constants;
			sourceTree = "<group>";
		};
		A2F692B427CC092100E63A99 = {
			isa = PBXGroup;
			children = (
				A2F692BF27CC092100E63A99 /* StockMaster */,
				A2F692BE27CC092100E63A99 /* Products */,
				6789C510DB885F690B7D30DF /* Pods */,
				12CD28D7DAD73FB8614531FA /* Frameworks */,
			);
			sourceTree = "<group>";
		};
		A2F692BE27CC092100E63A99 /* Products */ = {
			isa = PBXGroup;
			children = (
				A2F692BD27CC092100E63A99 /* StockMaster.app */,
			);
			name = Products;
			sourceTree = "<group>";
		};
		A2F692BF27CC092100E63A99 /* StockMaster */ = {
			isa = PBXGroup;
			children = (
				A208399E27CC0F16005E3C79 /* Constants */,
				A208399D27CC0E9B005E3C79 /* Model */,
				A208399C27CC0E8E005E3C79 /* View */,
				A208399B27CC0E82005E3C79 /* Controller */,
				A2F692C027CC092100E63A99 /* AppDelegate.swift */,
				A2F692C227CC092100E63A99 /* SceneDelegate.swift */,
				A2F692C927CC092100E63A99 /* Assets.xcassets */,
				A2F692CB27CC092100E63A99 /* LaunchScreen.storyboard */,
				A2F692CE27CC092100E63A99 /* Info.plist */,
			);
			path = StockMaster;
			sourceTree = "<group>";
		};
/* End PBXGroup section */

/* Begin PBXNativeTarget section */
		A2F692BC27CC092100E63A99 /* StockMaster */ = {
			isa = PBXNativeTarget;
			buildConfigurationList = A2F692D127CC092100E63A99 /* Build configuration list for PBXNativeTarget "StockMaster" */;
			buildPhases = (
				1BDD4FDC4A74E31B4355FE82 /* [CP] Check Pods Manifest.lock */,
				A2F692B927CC092100E63A99 /* Sources */,
				A2F692BA27CC092100E63A99 /* Frameworks */,
				A2F692BB27CC092100E63A99 /* Resources */,
				338ADBE8B9520CD4C775B3C4 /* [CP] Embed Pods Frameworks */,
			);
			buildRules = (
			);
			dependencies = (
			);
			name = StockMaster;
			productName = StockMaster;
			productReference = A2F692BD27CC092100E63A99 /* StockMaster.app */;
			productType = "com.apple.product-type.application";
		};
/* End PBXNativeTarget section */

/* Begin PBXProject section */
		A2F692B527CC092100E63A99 /* Project object */ = {
			isa = PBXProject;
			attributes = {
				BuildIndependentTargetsInParallel = 1;
				LastSwiftUpdateCheck = 1320;
				LastUpgradeCheck = 1320;
				TargetAttributes = {
					A2F692BC27CC092100E63A99 = {
						CreatedOnToolsVersion = 13.2.1;
					};
				};
			};
			buildConfigurationList = A2F692B827CC092100E63A99 /* Build configuration list for PBXProject "StockMaster" */;
			compatibilityVersion = "Xcode 13.0";
			developmentRegion = en;
			hasScannedForEncodings = 0;
			knownRegions = (
				en,
				Base,
			);
			mainGroup = A2F692B427CC092100E63A99;
			productRefGroup = A2F692BE27CC092100E63A99 /* Products */;
			projectDirPath = "";
			projectRoot = "";
			targets = (
				A2F692BC27CC092100E63A99 /* StockMaster */,
			);
		};
/* End PBXProject section */

/* Begin PBXResourcesBuildPhase section */
		A2F692BB27CC092100E63A99 /* Resources */ = {
			isa = PBXResourcesBuildPhase;
			buildActionMask = 2147483647;
			files = (
				A2F692CD27CC092100E63A99 /* LaunchScreen.storyboard in Resources */,
				A2F692CA27CC092100E63A99 /* Assets.xcassets in Resources */,
				A2F692C827CC092100E63A99 /* Main.storyboard in Resources */,
			);
			runOnlyForDeploymentPostprocessing = 0;
		};
/* End PBXResourcesBuildPhase section */

/* Begin PBXShellScriptBuildPhase section */
		1BDD4FDC4A74E31B4355FE82 /* [CP] Check Pods Manifest.lock */ = {
			isa = PBXShellScriptBuildPhase;
			buildActionMask = 2147483647;
			files = (
			);
			inputFileListPaths = (
			);
			inputPaths = (
				"${PODS_PODFILE_DIR_PATH}/Podfile.lock",
				"${PODS_ROOT}/Manifest.lock",
			);
			name = "[CP] Check Pods Manifest.lock";
			outputFileListPaths = (
			);
			outputPaths = (
				"$(DERIVED_FILE_DIR)/Pods-StockMaster-checkManifestLockResult.txt",
			);
			runOnlyForDeploymentPostprocessing = 0;
			shellPath = /bin/sh;
			shellScript = "diff \"${PODS_PODFILE_DIR_PATH}/Podfile.lock\" \"${PODS_ROOT}/Manifest.lock\" > /dev/null\nif [ $? != 0 ] ; then\n    # print error to STDERR\n    echo \"error: The sandbox is not in sync with the Podfile.lock. Run 'pod install' or update your CocoaPods installation.\" >&2\n    exit 1\nfi\n# This output is used by Xcode 'outputs' to avoid re-running this script phase.\necho \"SUCCESS\" > \"${SCRIPT_OUTPUT_FILE_0}\"\n";
			showEnvVarsInLog = 0;
		};
		338ADBE8B9520CD4C775B3C4 /* [CP] Embed Pods Frameworks */ = {
			isa = PBXShellScriptBuildPhase;
			buildActionMask = 2147483647;
			files = (
			);
			inputFileListPaths = (
				"${PODS_ROOT}/Target Support Files/Pods-StockMaster/Pods-StockMaster-frameworks-${CONFIGURATION}-input-files.xcfilelist",
			);
			name = "[CP] Embed Pods Frameworks";
			outputFileListPaths = (
				"${PODS_ROOT}/Target Support Files/Pods-StockMaster/Pods-StockMaster-frameworks-${CONFIGURATION}-output-files.xcfilelist",
			);
			runOnlyForDeploymentPostprocessing = 0;
			shellPath = /bin/sh;
			shellScript = "\"${PODS_ROOT}/Target Support Files/Pods-StockMaster/Pods-StockMaster-frameworks.sh\"\n";
			showEnvVarsInLog = 0;
		};
/* End PBXShellScriptBuildPhase section */

/* Begin PBXSourcesBuildPhase section */
		A2F692B927CC092100E63A99 /* Sources */ = {
			isa = PBXSourcesBuildPhase;
			buildActionMask = 2147483647;
			files = (
				A20839A027CC0F51005E3C79 /* URLConstants.swift in Sources */,
				A20839A827CC13E4005E3C79 /* StockViewController.swift in Sources */,
				A2F692C127CC092100E63A99 /* AppDelegate.swift in Sources */,
				A20839A627CC104F005E3C79 /* StockShort.swift in Sources */,
				A2F692C327CC092100E63A99 /* SceneDelegate.swift in Sources */,
				A20839A227CC0F5C005E3C79 /* APIKeyFile.swift in Sources */,
			);
			runOnlyForDeploymentPostprocessing = 0;
		};
/* End PBXSourcesBuildPhase section */

/* Begin PBXVariantGroup section */
		A2F692C627CC092100E63A99 /* Main.storyboard */ = {
			isa = PBXVariantGroup;
			children = (
				A2F692C727CC092100E63A99 /* Base */,
			);
			name = Main.storyboard;
			sourceTree = "<group>";
		};
		A2F692CB27CC092100E63A99 /* LaunchScreen.storyboard */ = {
			isa = PBXVariantGroup;
			children = (
				A2F692CC27CC092100E63A99 /* Base */,
			);
			name = LaunchScreen.storyboard;
			sourceTree = "<group>";
		};
/* End PBXVariantGroup section */

/* Begin XCBuildConfiguration section */
		A2F692CF27CC092100E63A99 /* Debug */ = {
			isa = XCBuildConfiguration;
			buildSettings = {
				ALWAYS_SEARCH_USER_PATHS = NO;
				CLANG_ANALYZER_NONNULL = YES;
				CLANG_ANALYZER_NUMBER_OBJECT_CONVERSION = YES_AGGRESSIVE;
				CLANG_CXX_LANGUAGE_STANDARD = "gnu++17";
				CLANG_CXX_LIBRARY = "libc++";
				CLANG_ENABLE_MODULES = YES;
				CLANG_ENABLE_OBJC_ARC = YES;
				CLANG_ENABLE_OBJC_WEAK = YES;
				CLANG_WARN_BLOCK_CAPTURE_AUTORELEASING = YES;
				CLANG_WARN_BOOL_CONVERSION = YES;
				CLANG_WARN_COMMA = YES;
				CLANG_WARN_CONSTANT_CONVERSION = YES;
				CLANG_WARN_DEPRECATED_OBJC_IMPLEMENTATIONS = YES;
				CLANG_WARN_DIRECT_OBJC_ISA_USAGE = YES_ERROR;
				CLANG_WARN_DOCUMENTATION_COMMENTS = YES;
				CLANG_WARN_EMPTY_BODY = YES;
				CLANG_WARN_ENUM_CONVERSION = YES;
				CLANG_WARN_INFINITE_RECURSION = YES;
				CLANG_WARN_INT_CONVERSION = YES;
				CLANG_WARN_NON_LITERAL_NULL_CONVERSION = YES;
				CLANG_WARN_OBJC_IMPLICIT_RETAIN_SELF = YES;
				CLANG_WARN_OBJC_LITERAL_CONVERSION = YES;
				CLANG_WARN_OBJC_ROOT_CLASS = YES_ERROR;
				CLANG_WARN_QUOTED_INCLUDE_IN_FRAMEWORK_HEADER = YES;
				CLANG_WARN_RANGE_LOOP_ANALYSIS = YES;
				CLANG_WARN_STRICT_PROTOTYPES = YES;
				CLANG_WARN_SUSPICIOUS_MOVE = YES;
				CLANG_WARN_UNGUARDED_AVAILABILITY = YES_AGGRESSIVE;
				CLANG_WARN_UNREACHABLE_CODE = YES;
				CLANG_WARN__DUPLICATE_METHOD_MATCH = YES;
				COPY_PHASE_STRIP = NO;
				DEBUG_INFORMATION_FORMAT = dwarf;
				ENABLE_STRICT_OBJC_MSGSEND = YES;
				ENABLE_TESTABILITY = YES;
				GCC_C_LANGUAGE_STANDARD = gnu11;
				GCC_DYNAMIC_NO_PIC = NO;
				GCC_NO_COMMON_BLOCKS = YES;
				GCC_OPTIMIZATION_LEVEL = 0;
				GCC_PREPROCESSOR_DEFINITIONS = (
					"DEBUG=1",
					"$(inherited)",
				);
				GCC_WARN_64_TO_32_BIT_CONVERSION = YES;
				GCC_WARN_ABOUT_RETURN_TYPE = YES_ERROR;
				GCC_WARN_UNDECLARED_SELECTOR = YES;
				GCC_WARN_UNINITIALIZED_AUTOS = YES_AGGRESSIVE;
				GCC_WARN_UNUSED_FUNCTION = YES;
				GCC_WARN_UNUSED_VARIABLE = YES;
				IPHONEOS_DEPLOYMENT_TARGET = 15.2;
				MTL_ENABLE_DEBUG_INFO = INCLUDE_SOURCE;
				MTL_FAST_MATH = YES;
				ONLY_ACTIVE_ARCH = YES;
				SDKROOT = iphoneos;
				SWIFT_ACTIVE_COMPILATION_CONDITIONS = DEBUG;
				SWIFT_OPTIMIZATION_LEVEL = "-Onone";
			};
			name = Debug;
		};
		A2F692D027CC092100E63A99 /* Release */ = {
			isa = XCBuildConfiguration;
			buildSettings = {
				ALWAYS_SEARCH_USER_PATHS = NO;
				CLANG_ANALYZER_NONNULL = YES;
				CLANG_ANALYZER_NUMBER_OBJECT_CONVERSION = YES_AGGRESSIVE;
				CLANG_CXX_LANGUAGE_STANDARD = "gnu++17";
				CLANG_CXX_LIBRARY = "libc++";
				CLANG_ENABLE_MODULES = YES;
				CLANG_ENABLE_OBJC_ARC = YES;
				CLANG_ENABLE_OBJC_WEAK = YES;
				CLANG_WARN_BLOCK_CAPTURE_AUTORELEASING = YES;
				CLANG_WARN_BOOL_CONVERSION = YES;
				CLANG_WARN_COMMA = YES;
				CLANG_WARN_CONSTANT_CONVERSION = YES;
				CLANG_WARN_DEPRECATED_OBJC_IMPLEMENTATIONS = YES;
				CLANG_WARN_DIRECT_OBJC_ISA_USAGE = YES_ERROR;
				CLANG_WARN_DOCUMENTATION_COMMENTS = YES;
				CLANG_WARN_EMPTY_BODY = YES;
				CLANG_WARN_ENUM_CONVERSION = YES;
				CLANG_WARN_INFINITE_RECURSION = YES;
				CLANG_WARN_INT_CONVERSION = YES;
				CLANG_WARN_NON_LITERAL_NULL_CONVERSION = YES;
				CLANG_WARN_OBJC_IMPLICIT_RETAIN_SELF = YES;
				CLANG_WARN_OBJC_LITERAL_CONVERSION = YES;
				CLANG_WARN_OBJC_ROOT_CLASS = YES_ERROR;
				CLANG_WARN_QUOTED_INCLUDE_IN_FRAMEWORK_HEADER = YES;
				CLANG_WARN_RANGE_LOOP_ANALYSIS = YES;
				CLANG_WARN_STRICT_PROTOTYPES = YES;
				CLANG_WARN_SUSPICIOUS_MOVE = YES;
				CLANG_WARN_UNGUARDED_AVAILABILITY = YES_AGGRESSIVE;
				CLANG_WARN_UNREACHABLE_CODE = YES;
				CLANG_WARN__DUPLICATE_METHOD_MATCH = YES;
				COPY_PHASE_STRIP = NO;
				DEBUG_INFORMATION_FORMAT = "dwarf-with-dsym";
				ENABLE_NS_ASSERTIONS = NO;
				ENABLE_STRICT_OBJC_MSGSEND = YES;
				GCC_C_LANGUAGE_STANDARD = gnu11;
				GCC_NO_COMMON_BLOCKS = YES;
				GCC_WARN_64_TO_32_BIT_CONVERSION = YES;
				GCC_WARN_ABOUT_RETURN_TYPE = YES_ERROR;
				GCC_WARN_UNDECLARED_SELECTOR = YES;
				GCC_WARN_UNINITIALIZED_AUTOS = YES_AGGRESSIVE;
				GCC_WARN_UNUSED_FUNCTION = YES;
				GCC_WARN_UNUSED_VARIABLE = YES;
				IPHONEOS_DEPLOYMENT_TARGET = 15.2;
				MTL_ENABLE_DEBUG_INFO = NO;
				MTL_FAST_MATH = YES;
				SDKROOT = iphoneos;
				SWIFT_COMPILATION_MODE = wholemodule;
				SWIFT_OPTIMIZATION_LEVEL = "-O";
				VALIDATE_PRODUCT = YES;
			};
			name = Release;
		};
		A2F692D227CC092100E63A99 /* Debug */ = {
			isa = XCBuildConfiguration;
			baseConfigurationReference = 0F2DDE7F800AE0FDDDE7257D /* Pods-StockMaster.debug.xcconfig */;
			buildSettings = {
				ASSETCATALOG_COMPILER_APPICON_NAME = AppIcon;
				ASSETCATALOG_COMPILER_GLOBAL_ACCENT_COLOR_NAME = AccentColor;
				CODE_SIGN_STYLE = Automatic;
				CURRENT_PROJECT_VERSION = 1;
				GENERATE_INFOPLIST_FILE = YES;
				INFOPLIST_FILE = StockMaster/Info.plist;
				INFOPLIST_KEY_UIApplicationSupportsIndirectInputEvents = YES;
				INFOPLIST_KEY_UILaunchStoryboardName = LaunchScreen;
				INFOPLIST_KEY_UIMainStoryboardFile = Main;
				INFOPLIST_KEY_UISupportedInterfaceOrientations_iPad = "UIInterfaceOrientationPortrait UIInterfaceOrientationPortraitUpsideDown UIInterfaceOrientationLandscapeLeft UIInterfaceOrientationLandscapeRight";
				INFOPLIST_KEY_UISupportedInterfaceOrientations_iPhone = "UIInterfaceOrientationPortrait UIInterfaceOrientationLandscapeLeft UIInterfaceOrientationLandscapeRight";
				LD_RUNPATH_SEARCH_PATHS = (
					"$(inherited)",
					"@executable_path/Frameworks",
				);
				MARKETING_VERSION = 1.0;
				PRODUCT_BUNDLE_IDENTIFIER = edu.northeastern.xiyue.StockMaster;
				PRODUCT_NAME = "$(TARGET_NAME)";
				SWIFT_EMIT_LOC_STRINGS = YES;
				SWIFT_VERSION = 5.0;
				TARGETED_DEVICE_FAMILY = "1,2";
			};
			name = Debug;
		};
		A2F692D327CC092100E63A99 /* Release */ = {
			isa = XCBuildConfiguration;
			baseConfigurationReference = 48E469086489DD66B0FB802D /* Pods-StockMaster.release.xcconfig */;
			buildSettings = {
				ASSETCATALOG_COMPILER_APPICON_NAME = AppIcon;
				ASSETCATALOG_COMPILER_GLOBAL_ACCENT_COLOR_NAME = AccentColor;
				CODE_SIGN_STYLE = Automatic;
				CURRENT_PROJECT_VERSION = 1;
				GENERATE_INFOPLIST_FILE = YES;
				INFOPLIST_FILE = StockMaster/Info.plist;
				INFOPLIST_KEY_UIApplicationSupportsIndirectInputEvents = YES;
				INFOPLIST_KEY_UILaunchStoryboardName = LaunchScreen;
				INFOPLIST_KEY_UIMainStoryboardFile = Main;
				INFOPLIST_KEY_UISupportedInterfaceOrientations_iPad = "UIInterfaceOrientationPortrait UIInterfaceOrientationPortraitUpsideDown UIInterfaceOrientationLandscapeLeft UIInterfaceOrientationLandscapeRight";
				INFOPLIST_KEY_UISupportedInterfaceOrientations_iPhone = "UIInterfaceOrientationPortrait UIInterfaceOrientationLandscapeLeft UIInterfaceOrientationLandscapeRight";
				LD_RUNPATH_SEARCH_PATHS = (
					"$(inherited)",
					"@executable_path/Frameworks",
				);
				MARKETING_VERSION = 1.0;
				PRODUCT_BUNDLE_IDENTIFIER = edu.northeastern.xiyue.StockMaster;
				PRODUCT_NAME = "$(TARGET_NAME)";
				SWIFT_EMIT_LOC_STRINGS = YES;
				SWIFT_VERSION = 5.0;
				TARGETED_DEVICE_FAMILY = "1,2";
			};
			name = Release;
		};
/* End XCBuildConfiguration section */

/* Begin XCConfigurationList section */
		A2F692B827CC092100E63A99 /* Build configuration list for PBXProject "StockMaster" */ = {
			isa = XCConfigurationList;
			buildConfigurations = (
				A2F692CF27CC092100E63A99 /* Debug */,
				A2F692D027CC092100E63A99 /* Release */,
			);
			defaultConfigurationIsVisible = 0;
			defaultConfigurationName = Release;
		};
		A2F692D127CC092100E63A99 /* Build configuration list for PBXNativeTarget "StockMaster" */ = {
			isa = XCConfigurationList;
			buildConfigurations = (
				A2F692D227CC092100E63A99 /* Debug */,
				A2F692D327CC092100E63A99 /* Release */,
			);
			defaultConfigurationIsVisible = 0;
			defaultConfigurationName = Release;
		};
/* End XCConfigurationList section */
	};
	rootObject = A2F692B527CC092100E63A99 /* Project object */;
}
