// !$*UTF8*$!
{
	archiveVersion = 1;
	classes = {
	};
	objectVersion = 55;
	objects = {

/* Begin PBXBuildFile section */
		A24564C827C2C585005EFF0B /* AppDelegate.swift in Sources */ = {isa = PBXBuildFile; fileRef = A24564C727C2C585005EFF0B /* AppDelegate.swift */; };
		A24564CA27C2C585005EFF0B /* SceneDelegate.swift in Sources */ = {isa = PBXBuildFile; fileRef = A24564C927C2C585005EFF0B /* SceneDelegate.swift */; };
		A24564CF27C2C585005EFF0B /* Main.storyboard in Resources */ = {isa = PBXBuildFile; fileRef = A24564CD27C2C585005EFF0B /* Main.storyboard */; };
		A24564D127C2C585005EFF0B /* Assets.xcassets in Resources */ = {isa = PBXBuildFile; fileRef = A24564D027C2C585005EFF0B /* Assets.xcassets */; };
		A24564D427C2C585005EFF0B /* LaunchScreen.storyboard in Resources */ = {isa = PBXBuildFile; fileRef = A24564D227C2C585005EFF0B /* LaunchScreen.storyboard */; };
		A24564DF27C2C7D8005EFF0B /* File.swift in Sources */ = {isa = PBXBuildFile; fileRef = A24564DE27C2C7D8005EFF0B /* File.swift */; };
		A24564E127C2C827005EFF0B /* APIKeys.swift in Sources */ = {isa = PBXBuildFile; fileRef = A24564E027C2C827005EFF0B /* APIKeys.swift */; };
		A24564E327C2C928005EFF0B /* StockViewController.swift in Sources */ = {isa = PBXBuildFile; fileRef = A24564E227C2C928005EFF0B /* StockViewController.swift */; };
		A24564EA27C2E225005EFF0B /* ShortQuote.swift in Sources */ = {isa = PBXBuildFile; fileRef = A24564E927C2E225005EFF0B /* ShortQuote.swift */; };
		FD1B134031B0E4383614197F /* Pods_NailStocks.framework in Frameworks */ = {isa = PBXBuildFile; fileRef = 8ADAB3EDE7AA0F163460F18C /* Pods_NailStocks.framework */; };
/* End PBXBuildFile section */

/* Begin PBXFileReference section */
		186AF5F2120DA6BA2FDE36D9 /* Pods-NailStocks.release.xcconfig */ = {isa = PBXFileReference; includeInIndex = 1; lastKnownFileType = text.xcconfig; name = "Pods-NailStocks.release.xcconfig"; path = "Target Support Files/Pods-NailStocks/Pods-NailStocks.release.xcconfig"; sourceTree = "<group>"; };
		8ADAB3EDE7AA0F163460F18C /* Pods_NailStocks.framework */ = {isa = PBXFileReference; explicitFileType = wrapper.framework; includeInIndex = 0; path = Pods_NailStocks.framework; sourceTree = BUILT_PRODUCTS_DIR; };
		A24564C427C2C585005EFF0B /* NailStocks.app */ = {isa = PBXFileReference; explicitFileType = wrapper.application; includeInIndex = 0; path = NailStocks.app; sourceTree = BUILT_PRODUCTS_DIR; };
		A24564C727C2C585005EFF0B /* AppDelegate.swift */ = {isa = PBXFileReference; lastKnownFileType = sourcecode.swift; path = AppDelegate.swift; sourceTree = "<group>"; };
		A24564C927C2C585005EFF0B /* SceneDelegate.swift */ = {isa = PBXFileReference; lastKnownFileType = sourcecode.swift; path = SceneDelegate.swift; sourceTree = "<group>"; };
		A24564CE27C2C585005EFF0B /* Base */ = {isa = PBXFileReference; lastKnownFileType = file.storyboard; name = Base; path = Base.lproj/Main.storyboard; sourceTree = "<group>"; };
		A24564D027C2C585005EFF0B /* Assets.xcassets */ = {isa = PBXFileReference; lastKnownFileType = folder.assetcatalog; path = Assets.xcassets; sourceTree = "<group>"; };
		A24564D327C2C585005EFF0B /* Base */ = {isa = PBXFileReference; lastKnownFileType = file.storyboard; name = Base; path = Base.lproj/LaunchScreen.storyboard; sourceTree = "<group>"; };
		A24564D527C2C585005EFF0B /* Info.plist */ = {isa = PBXFileReference; lastKnownFileType = text.plist.xml; path = Info.plist; sourceTree = "<group>"; };
		A24564DE27C2C7D8005EFF0B /* File.swift */ = {isa = PBXFileReference; lastKnownFileType = sourcecode.swift; path = File.swift; sourceTree = "<group>"; };
		A24564E027C2C827005EFF0B /* APIKeys.swift */ = {isa = PBXFileReference; lastKnownFileType = sourcecode.swift; path = APIKeys.swift; sourceTree = "<group>"; };
		A24564E227C2C928005EFF0B /* StockViewController.swift */ = {isa = PBXFileReference; lastKnownFileType = sourcecode.swift; path = StockViewController.swift; sourceTree = "<group>"; };
		A24564E927C2E225005EFF0B /* ShortQuote.swift */ = {isa = PBXFileReference; lastKnownFileType = sourcecode.swift; path = ShortQuote.swift; sourceTree = "<group>"; };
		D766D374C4339EB5B2E3659A /* Pods-NailStocks.debug.xcconfig */ = {isa = PBXFileReference; includeInIndex = 1; lastKnownFileType = text.xcconfig; name = "Pods-NailStocks.debug.xcconfig"; path = "Target Support Files/Pods-NailStocks/Pods-NailStocks.debug.xcconfig"; sourceTree = "<group>"; };
/* End PBXFileReference section */

/* Begin PBXFrameworksBuildPhase section */
		A24564C127C2C584005EFF0B /* Frameworks */ = {
			isa = PBXFrameworksBuildPhase;
			buildActionMask = 2147483647;
			files = (
				FD1B134031B0E4383614197F /* Pods_NailStocks.framework in Frameworks */,
			);
			runOnlyForDeploymentPostprocessing = 0;
		};
/* End PBXFrameworksBuildPhase section */

/* Begin PBXGroup section */
		155541F0CF2BCFFD97AF56E1 /* Frameworks */ = {
			isa = PBXGroup;
			children = (
				8ADAB3EDE7AA0F163460F18C /* Pods_NailStocks.framework */,
			);
			name = Frameworks;
			sourceTree = "<group>";
		};
		A24564BB27C2C584005EFF0B = {
			isa = PBXGroup;
			children = (
				A24564C627C2C585005EFF0B /* NailStocks */,
				A24564C527C2C585005EFF0B /* Products */,
				FFEE14ECD30EE42A120DB0CB /* Pods */,
				155541F0CF2BCFFD97AF56E1 /* Frameworks */,
			);
			sourceTree = "<group>";
		};
		A24564C527C2C585005EFF0B /* Products */ = {
			isa = PBXGroup;
			children = (
				A24564C427C2C585005EFF0B /* NailStocks.app */,
			);
			name = Products;
			sourceTree = "<group>";
		};
		A24564C627C2C585005EFF0B /* NailStocks */ = {
			isa = PBXGroup;
			children = (
				A24564DD27C2C7BA005EFF0B /* Constatns */,
				A24564DC27C2C59F005EFF0B /* Controller */,
				A24564DB27C2C593005EFF0B /* View */,
				A24564E427C2DCFE005EFF0B /* Model */,
				A24564C727C2C585005EFF0B /* AppDelegate.swift */,
				A24564C927C2C585005EFF0B /* SceneDelegate.swift */,
				A24564D027C2C585005EFF0B /* Assets.xcassets */,
				A24564D227C2C585005EFF0B /* LaunchScreen.storyboard */,
				A24564D527C2C585005EFF0B /* Info.plist */,
			);
			path = NailStocks;
			sourceTree = "<group>";
		};
		A24564DB27C2C593005EFF0B /* View */ = {
			isa = PBXGroup;
			children = (
				A24564CD27C2C585005EFF0B /* Main.storyboard */,
			);
			path = View;
			sourceTree = "<group>";
		};
		A24564DC27C2C59F005EFF0B /* Controller */ = {
			isa = PBXGroup;
			children = (
				A24564E227C2C928005EFF0B /* StockViewController.swift */,
			);
			path = Controller;
			sourceTree = "<group>";
		};
		A24564DD27C2C7BA005EFF0B /* Constatns */ = {
			isa = PBXGroup;
			children = (
				A24564DE27C2C7D8005EFF0B /* File.swift */,
				A24564E027C2C827005EFF0B /* APIKeys.swift */,
			);
			path = Constatns;
			sourceTree = "<group>";
		};
		A24564E427C2DCFE005EFF0B /* Model */ = {
			isa = PBXGroup;
			children = (
				A24564E927C2E225005EFF0B /* ShortQuote.swift */,
			);
			path = Model;
			sourceTree = "<group>";
		};
		FFEE14ECD30EE42A120DB0CB /* Pods */ = {
			isa = PBXGroup;
			children = (
				D766D374C4339EB5B2E3659A /* Pods-NailStocks.debug.xcconfig */,
				186AF5F2120DA6BA2FDE36D9 /* Pods-NailStocks.release.xcconfig */,
			);
			path = Pods;
			sourceTree = "<group>";
		};
/* End PBXGroup section */

/* Begin PBXNativeTarget section */
		A24564C327C2C584005EFF0B /* NailStocks */ = {
			isa = PBXNativeTarget;
			buildConfigurationList = A24564D827C2C585005EFF0B /* Build configuration list for PBXNativeTarget "NailStocks" */;
			buildPhases = (
				77AC91308C3ABE7BFD5E787C /* [CP] Check Pods Manifest.lock */,
				A24564C027C2C584005EFF0B /* Sources */,
				A24564C127C2C584005EFF0B /* Frameworks */,
				A24564C227C2C584005EFF0B /* Resources */,
				BBB575859D5630D199F29AFD /* [CP] Embed Pods Frameworks */,
			);
			buildRules = (
			);
			dependencies = (
			);
			name = NailStocks;
			productName = NailStocks;
			productReference = A24564C427C2C585005EFF0B /* NailStocks.app */;
			productType = "com.apple.product-type.application";
		};
/* End PBXNativeTarget section */

/* Begin PBXProject section */
		A24564BC27C2C584005EFF0B /* Project object */ = {
			isa = PBXProject;
			attributes = {
				BuildIndependentTargetsInParallel = 1;
				LastSwiftUpdateCheck = 1320;
				LastUpgradeCheck = 1320;
				TargetAttributes = {
					A24564C327C2C584005EFF0B = {
						CreatedOnToolsVersion = 13.2.1;
					};
				};
			};
			buildConfigurationList = A24564BF27C2C584005EFF0B /* Build configuration list for PBXProject "NailStocks" */;
			compatibilityVersion = "Xcode 13.0";
			developmentRegion = en;
			hasScannedForEncodings = 0;
			knownRegions = (
				en,
				Base,
			);
			mainGroup = A24564BB27C2C584005EFF0B;
			productRefGroup = A24564C527C2C585005EFF0B /* Products */;
			projectDirPath = "";
			projectRoot = "";
			targets = (
				A24564C327C2C584005EFF0B /* NailStocks */,
			);
		};
/* End PBXProject section */

/* Begin PBXResourcesBuildPhase section */
		A24564C227C2C584005EFF0B /* Resources */ = {
			isa = PBXResourcesBuildPhase;
			buildActionMask = 2147483647;
			files = (
				A24564D427C2C585005EFF0B /* LaunchScreen.storyboard in Resources */,
				A24564D127C2C585005EFF0B /* Assets.xcassets in Resources */,
				A24564CF27C2C585005EFF0B /* Main.storyboard in Resources */,
			);
			runOnlyForDeploymentPostprocessing = 0;
		};
/* End PBXResourcesBuildPhase section */

/* Begin PBXShellScriptBuildPhase section */
		77AC91308C3ABE7BFD5E787C /* [CP] Check Pods Manifest.lock */ = {
			isa = PBXShellScriptBuildPhase;
			buildActionMask = 2147483647;
			files = (
			);
			inputFileListPaths = (
			);
			inputPaths = (
				"${PODS_PODFILE_DIR_PATH}/Podfile.lock",
				"${PODS_ROOT}/Manifest.lock",
			);
			name = "[CP] Check Pods Manifest.lock";
			outputFileListPaths = (
			);
			outputPaths = (
				"$(DERIVED_FILE_DIR)/Pods-NailStocks-checkManifestLockResult.txt",
			);
			runOnlyForDeploymentPostprocessing = 0;
			shellPath = /bin/sh;
			shellScript = "diff \"${PODS_PODFILE_DIR_PATH}/Podfile.lock\" \"${PODS_ROOT}/Manifest.lock\" > /dev/null\nif [ $? != 0 ] ; then\n    # print error to STDERR\n    echo \"error: The sandbox is not in sync with the Podfile.lock. Run 'pod install' or update your CocoaPods installation.\" >&2\n    exit 1\nfi\n# This output is used by Xcode 'outputs' to avoid re-running this script phase.\necho \"SUCCESS\" > \"${SCRIPT_OUTPUT_FILE_0}\"\n";
			showEnvVarsInLog = 0;
		};
		BBB575859D5630D199F29AFD /* [CP] Embed Pods Frameworks */ = {
			isa = PBXShellScriptBuildPhase;
			buildActionMask = 2147483647;
			files = (
			);
			inputFileListPaths = (
				"${PODS_ROOT}/Target Support Files/Pods-NailStocks/Pods-NailStocks-frameworks-${CONFIGURATION}-input-files.xcfilelist",
			);
			name = "[CP] Embed Pods Frameworks";
			outputFileListPaths = (
				"${PODS_ROOT}/Target Support Files/Pods-NailStocks/Pods-NailStocks-frameworks-${CONFIGURATION}-output-files.xcfilelist",
			);
			runOnlyForDeploymentPostprocessing = 0;
			shellPath = /bin/sh;
			shellScript = "\"${PODS_ROOT}/Target Support Files/Pods-NailStocks/Pods-NailStocks-frameworks.sh\"\n";
			showEnvVarsInLog = 0;
		};
/* End PBXShellScriptBuildPhase section */

/* Begin PBXSourcesBuildPhase section */
		A24564C027C2C584005EFF0B /* Sources */ = {
			isa = PBXSourcesBuildPhase;
			buildActionMask = 2147483647;
			files = (
				A24564E127C2C827005EFF0B /* APIKeys.swift in Sources */,
				A24564EA27C2E225005EFF0B /* ShortQuote.swift in Sources */,
				A24564DF27C2C7D8005EFF0B /* File.swift in Sources */,
				A24564C827C2C585005EFF0B /* AppDelegate.swift in Sources */,
				A24564CA27C2C585005EFF0B /* SceneDelegate.swift in Sources */,
				A24564E327C2C928005EFF0B /* StockViewController.swift in Sources */,
			);
			runOnlyForDeploymentPostprocessing = 0;
		};
/* End PBXSourcesBuildPhase section */

/* Begin PBXVariantGroup section */
		A24564CD27C2C585005EFF0B /* Main.storyboard */ = {
			isa = PBXVariantGroup;
			children = (
				A24564CE27C2C585005EFF0B /* Base */,
			);
			name = Main.storyboard;
			sourceTree = "<group>";
		};
		A24564D227C2C585005EFF0B /* LaunchScreen.storyboard */ = {
			isa = PBXVariantGroup;
			children = (
				A24564D327C2C585005EFF0B /* Base */,
			);
			name = LaunchScreen.storyboard;
			sourceTree = "<group>";
		};
/* End PBXVariantGroup section */

/* Begin XCBuildConfiguration section */
		A24564D627C2C585005EFF0B /* Debug */ = {
			isa = XCBuildConfiguration;
			buildSettings = {
				ALWAYS_SEARCH_USER_PATHS = NO;
				CLANG_ANALYZER_NONNULL = YES;
				CLANG_ANALYZER_NUMBER_OBJECT_CONVERSION = YES_AGGRESSIVE;
				CLANG_CXX_LANGUAGE_STANDARD = "gnu++17";
				CLANG_CXX_LIBRARY = "libc++";
				CLANG_ENABLE_MODULES = YES;
				CLANG_ENABLE_OBJC_ARC = YES;
				CLANG_ENABLE_OBJC_WEAK = YES;
				CLANG_WARN_BLOCK_CAPTURE_AUTORELEASING = YES;
				CLANG_WARN_BOOL_CONVERSION = YES;
				CLANG_WARN_COMMA = YES;
				CLANG_WARN_CONSTANT_CONVERSION = YES;
				CLANG_WARN_DEPRECATED_OBJC_IMPLEMENTATIONS = YES;
				CLANG_WARN_DIRECT_OBJC_ISA_USAGE = YES_ERROR;
				CLANG_WARN_DOCUMENTATION_COMMENTS = YES;
				CLANG_WARN_EMPTY_BODY = YES;
				CLANG_WARN_ENUM_CONVERSION = YES;
				CLANG_WARN_INFINITE_RECURSION = YES;
				CLANG_WARN_INT_CONVERSION = YES;
				CLANG_WARN_NON_LITERAL_NULL_CONVERSION = YES;
				CLANG_WARN_OBJC_IMPLICIT_RETAIN_SELF = YES;
				CLANG_WARN_OBJC_LITERAL_CONVERSION = YES;
				CLANG_WARN_OBJC_ROOT_CLASS = YES_ERROR;
				CLANG_WARN_QUOTED_INCLUDE_IN_FRAMEWORK_HEADER = YES;
				CLANG_WARN_RANGE_LOOP_ANALYSIS = YES;
				CLANG_WARN_STRICT_PROTOTYPES = YES;
				CLANG_WARN_SUSPICIOUS_MOVE = YES;
				CLANG_WARN_UNGUARDED_AVAILABILITY = YES_AGGRESSIVE;
				CLANG_WARN_UNREACHABLE_CODE = YES;
				CLANG_WARN__DUPLICATE_METHOD_MATCH = YES;
				COPY_PHASE_STRIP = NO;
				DEBUG_INFORMATION_FORMAT = dwarf;
				ENABLE_STRICT_OBJC_MSGSEND = YES;
				ENABLE_TESTABILITY = YES;
				GCC_C_LANGUAGE_STANDARD = gnu11;
				GCC_DYNAMIC_NO_PIC = NO;
				GCC_NO_COMMON_BLOCKS = YES;
				GCC_OPTIMIZATION_LEVEL = 0;
				GCC_PREPROCESSOR_DEFINITIONS = (
					"DEBUG=1",
					"$(inherited)",
				);
				GCC_WARN_64_TO_32_BIT_CONVERSION = YES;
				GCC_WARN_ABOUT_RETURN_TYPE = YES_ERROR;
				GCC_WARN_UNDECLARED_SELECTOR = YES;
				GCC_WARN_UNINITIALIZED_AUTOS = YES_AGGRESSIVE;
				GCC_WARN_UNUSED_FUNCTION = YES;
				GCC_WARN_UNUSED_VARIABLE = YES;
				IPHONEOS_DEPLOYMENT_TARGET = 15.2;
				MTL_ENABLE_DEBUG_INFO = INCLUDE_SOURCE;
				MTL_FAST_MATH = YES;
				ONLY_ACTIVE_ARCH = YES;
				SDKROOT = iphoneos;
				SWIFT_ACTIVE_COMPILATION_CONDITIONS = DEBUG;
				SWIFT_OPTIMIZATION_LEVEL = "-Onone";
			};
			name = Debug;
		};
		A24564D727C2C585005EFF0B /* Release */ = {
			isa = XCBuildConfiguration;
			buildSettings = {
				ALWAYS_SEARCH_USER_PATHS = NO;
				CLANG_ANALYZER_NONNULL = YES;
				CLANG_ANALYZER_NUMBER_OBJECT_CONVERSION = YES_AGGRESSIVE;
				CLANG_CXX_LANGUAGE_STANDARD = "gnu++17";
				CLANG_CXX_LIBRARY = "libc++";
				CLANG_ENABLE_MODULES = YES;
				CLANG_ENABLE_OBJC_ARC = YES;
				CLANG_ENABLE_OBJC_WEAK = YES;
				CLANG_WARN_BLOCK_CAPTURE_AUTORELEASING = YES;
				CLANG_WARN_BOOL_CONVERSION = YES;
				CLANG_WARN_COMMA = YES;
				CLANG_WARN_CONSTANT_CONVERSION = YES;
				CLANG_WARN_DEPRECATED_OBJC_IMPLEMENTATIONS = YES;
				CLANG_WARN_DIRECT_OBJC_ISA_USAGE = YES_ERROR;
				CLANG_WARN_DOCUMENTATION_COMMENTS = YES;
				CLANG_WARN_EMPTY_BODY = YES;
				CLANG_WARN_ENUM_CONVERSION = YES;
				CLANG_WARN_INFINITE_RECURSION = YES;
				CLANG_WARN_INT_CONVERSION = YES;
				CLANG_WARN_NON_LITERAL_NULL_CONVERSION = YES;
				CLANG_WARN_OBJC_IMPLICIT_RETAIN_SELF = YES;
				CLANG_WARN_OBJC_LITERAL_CONVERSION = YES;
				CLANG_WARN_OBJC_ROOT_CLASS = YES_ERROR;
				CLANG_WARN_QUOTED_INCLUDE_IN_FRAMEWORK_HEADER = YES;
				CLANG_WARN_RANGE_LOOP_ANALYSIS = YES;
				CLANG_WARN_STRICT_PROTOTYPES = YES;
				CLANG_WARN_SUSPICIOUS_MOVE = YES;
				CLANG_WARN_UNGUARDED_AVAILABILITY = YES_AGGRESSIVE;
				CLANG_WARN_UNREACHABLE_CODE = YES;
				CLANG_WARN__DUPLICATE_METHOD_MATCH = YES;
				COPY_PHASE_STRIP = NO;
				DEBUG_INFORMATION_FORMAT = "dwarf-with-dsym";
				ENABLE_NS_ASSERTIONS = NO;
				ENABLE_STRICT_OBJC_MSGSEND = YES;
				GCC_C_LANGUAGE_STANDARD = gnu11;
				GCC_NO_COMMON_BLOCKS = YES;
				GCC_WARN_64_TO_32_BIT_CONVERSION = YES;
				GCC_WARN_ABOUT_RETURN_TYPE = YES_ERROR;
				GCC_WARN_UNDECLARED_SELECTOR = YES;
				GCC_WARN_UNINITIALIZED_AUTOS = YES_AGGRESSIVE;
				GCC_WARN_UNUSED_FUNCTION = YES;
				GCC_WARN_UNUSED_VARIABLE = YES;
				IPHONEOS_DEPLOYMENT_TARGET = 15.2;
				MTL_ENABLE_DEBUG_INFO = NO;
				MTL_FAST_MATH = YES;
				SDKROOT = iphoneos;
				SWIFT_COMPILATION_MODE = wholemodule;
				SWIFT_OPTIMIZATION_LEVEL = "-O";
				VALIDATE_PRODUCT = YES;
			};
			name = Release;
		};
		A24564D927C2C585005EFF0B /* Debug */ = {
			isa = XCBuildConfiguration;
			baseConfigurationReference = D766D374C4339EB5B2E3659A /* Pods-NailStocks.debug.xcconfig */;
			buildSettings = {
				ASSETCATALOG_COMPILER_APPICON_NAME = AppIcon;
				ASSETCATALOG_COMPILER_GLOBAL_ACCENT_COLOR_NAME = AccentColor;
				CODE_SIGN_STYLE = Automatic;
				CURRENT_PROJECT_VERSION = 1;
				GENERATE_INFOPLIST_FILE = YES;
				INFOPLIST_FILE = NailStocks/Info.plist;
				INFOPLIST_KEY_UIApplicationSupportsIndirectInputEvents = YES;
				INFOPLIST_KEY_UILaunchStoryboardName = LaunchScreen;
				INFOPLIST_KEY_UIMainStoryboardFile = Main;
				INFOPLIST_KEY_UISupportedInterfaceOrientations_iPad = "UIInterfaceOrientationPortrait UIInterfaceOrientationPortraitUpsideDown UIInterfaceOrientationLandscapeLeft UIInterfaceOrientationLandscapeRight";
				INFOPLIST_KEY_UISupportedInterfaceOrientations_iPhone = "UIInterfaceOrientationPortrait UIInterfaceOrientationLandscapeLeft UIInterfaceOrientationLandscapeRight";
				LD_RUNPATH_SEARCH_PATHS = (
					"$(inherited)",
					"@executable_path/Frameworks",
				);
				MARKETING_VERSION = 1.0;
				PRODUCT_BUNDLE_IDENTIFIER = edu.northeastern.xiyue.NailStocks;
				PRODUCT_NAME = "$(TARGET_NAME)";
				SWIFT_EMIT_LOC_STRINGS = YES;
				SWIFT_VERSION = 5.0;
				TARGETED_DEVICE_FAMILY = "1,2";
			};
			name = Debug;
		};
		A24564DA27C2C585005EFF0B /* Release */ = {
			isa = XCBuildConfiguration;
			baseConfigurationReference = 186AF5F2120DA6BA2FDE36D9 /* Pods-NailStocks.release.xcconfig */;
			buildSettings = {
				ASSETCATALOG_COMPILER_APPICON_NAME = AppIcon;
				ASSETCATALOG_COMPILER_GLOBAL_ACCENT_COLOR_NAME = AccentColor;
				CODE_SIGN_STYLE = Automatic;
				CURRENT_PROJECT_VERSION = 1;
				GENERATE_INFOPLIST_FILE = YES;
				INFOPLIST_FILE = NailStocks/Info.plist;
				INFOPLIST_KEY_UIApplicationSupportsIndirectInputEvents = YES;
				INFOPLIST_KEY_UILaunchStoryboardName = LaunchScreen;
				INFOPLIST_KEY_UIMainStoryboardFile = Main;
				INFOPLIST_KEY_UISupportedInterfaceOrientations_iPad = "UIInterfaceOrientationPortrait UIInterfaceOrientationPortraitUpsideDown UIInterfaceOrientationLandscapeLeft UIInterfaceOrientationLandscapeRight";
				INFOPLIST_KEY_UISupportedInterfaceOrientations_iPhone = "UIInterfaceOrientationPortrait UIInterfaceOrientationLandscapeLeft UIInterfaceOrientationLandscapeRight";
				LD_RUNPATH_SEARCH_PATHS = (
					"$(inherited)",
					"@executable_path/Frameworks",
				);
				MARKETING_VERSION = 1.0;
				PRODUCT_BUNDLE_IDENTIFIER = edu.northeastern.xiyue.NailStocks;
				PRODUCT_NAME = "$(TARGET_NAME)";
				SWIFT_EMIT_LOC_STRINGS = YES;
				SWIFT_VERSION = 5.0;
				TARGETED_DEVICE_FAMILY = "1,2";
			};
			name = Release;
		};
/* End XCBuildConfiguration section */

/* Begin XCConfigurationList section */
		A24564BF27C2C584005EFF0B /* Build configuration list for PBXProject "NailStocks" */ = {
			isa = XCConfigurationList;
			buildConfigurations = (
				A24564D627C2C585005EFF0B /* Debug */,
				A24564D727C2C585005EFF0B /* Release */,
			);
			defaultConfigurationIsVisible = 0;
			defaultConfigurationName = Release;
		};
		A24564D827C2C585005EFF0B /* Build configuration list for PBXNativeTarget "NailStocks" */ = {
			isa = XCConfigurationList;
			buildConfigurations = (
				A24564D927C2C585005EFF0B /* Debug */,
				A24564DA27C2C585005EFF0B /* Release */,
			);
			defaultConfigurationIsVisible = 0;
			defaultConfigurationName = Release;
		};
/* End XCConfigurationList section */
	};
	rootObject = A24564BC27C2C584005EFF0B /* Project object */;
}
